Microsoft Visual Studio Solution File, Format Version 12.00
# Visual Studio Version 17
VisualStudioVersion = 17.8.34309.116
MinimumVisualStudioVersion = 10.0.40219.1
Project("{8BC9CEB8-8B4A-11D0-8D11-00A0C91BC942}") = "postgres", "postgres.vcxproj", "{37140CCB-D034-4922-8996-160193EB2168}"
EndProject
Project("{8BC9CEB8-8B4A-11D0-8D11-00A0C91BC942}") = "dict_snowball", "dict_snowball.vcxproj", "{2271C6CC-67B8-49D8-A5AA-9A260A0F3DCD}"
EndProject
Project("{8BC9CEB8-8B4A-11D0-8D11-00A0C91BC942}") = "libpqwalreceiver", "libpqwalreceiver.vcxproj", "{1A164032-42D9-4ADB-B140-3E16E5FDA764}"
	ProjectSection(ProjectDependencies) = postProject
		{196CBF3C-D340-40D9-8910-57E94CEE85EB} = {196CBF3C-D340-40D9-8910-57E94CEE85EB}
	EndProjectSection
EndProject
Project("{8BC9CEB8-8B4A-11D0-8D11-00A0C91BC942}") = "initdb", "initdb.vcxproj", "{430538D8-BFB2-460D-B19C-72BCD41FFF9A}"
EndProject
Project("{8BC9CEB8-8B4A-11D0-8D11-00A0C91BC942}") = "pg_basebackup", "pg_basebackup.vcxproj", "{069695E4-4F7B-4AFB-8682-EBB204FE8246}"
EndProject
Project("{8BC9CEB8-8B4A-11D0-8D11-00A0C91BC942}") = "pg_receivexlog", "pg_receivexlog.vcxproj", "{4B6A4A33-FC92-438B-BA60-37A6DC512CFF}"
EndProject
Project("{8BC9CEB8-8B4A-11D0-8D11-00A0C91BC942}") = "pg_config", "pg_config.vcxproj", "{4CD4C46C-D8C9-4A55-865E-F59C05115434}"
EndProject
Project("{8BC9CEB8-8B4A-11D0-8D11-00A0C91BC942}") = "pg_controldata", "pg_controldata.vcxproj", "{BFFA0E91-584F-44A3-825D-06C3F62B2928}"
EndProject
Project("{8BC9CEB8-8B4A-11D0-8D11-00A0C91BC942}") = "pg_ctl", "pg_ctl.vcxproj", "{0784759C-4690-4532-A9C2-3BF9D2691DF3}"
EndProject
Project("{8BC9CEB8-8B4A-11D0-8D11-00A0C91BC942}") = "pg_resetxlog", "pg_resetxlog.vcxproj", "{7D8D0F4E-D8E3-44EC-8202-DF34BA656D8D}"
EndProject
Project("{8BC9CEB8-8B4A-11D0-8D11-00A0C91BC942}") = "pgevent", "pgevent.vcxproj", "{3ACF4779-EDF5-47B9-AE83-92E69E39D6F9}"
EndProject
Project("{8BC9CEB8-8B4A-11D0-8D11-00A0C91BC942}") = "psql", "psql.vcxproj", "{B675F829-880C-4DDC-B0F4-D07B6F4368D9}"
EndProject
Project("{8BC9CEB8-8B4A-11D0-8D11-00A0C91BC942}") = "pg_dump", "pg_dump.vcxproj", "{13C94B6D-5120-4968-AB46-B01A577C05FB}"
EndProject
Project("{8BC9CEB8-8B4A-11D0-8D11-00A0C91BC942}") = "pg_dumpall", "pg_dumpall.vcxproj", "{00A61FBE-4442-4941-B5B7-D61830870733}"
EndProject
Project("{8BC9CEB8-8B4A-11D0-8D11-00A0C91BC942}") = "pg_restore", "pg_restore.vcxproj", "{08B09D63-C260-422C-A527-DBE71AA37543}"
EndProject
Project("{8BC9CEB8-8B4A-11D0-8D11-00A0C91BC942}") = "createdb", "createdb.vcxproj", "{F94C296A-EAD5-4A60-A256-D8A709AA8561}"
EndProject
Project("{8BC9CEB8-8B4A-11D0-8D11-00A0C91BC942}") = "createlang", "createlang.vcxproj", "{FC257C78-C924-4263-8945-038888615BF5}"
EndProject
Project("{8BC9CEB8-8B4A-11D0-8D11-00A0C91BC942}") = "createuser", "createuser.vcxproj", "{306DCD5B-9362-402A-8CC6-8DA6F7DDD8EB}"
EndProject
Project("{8BC9CEB8-8B4A-11D0-8D11-00A0C91BC942}") = "dropdb", "dropdb.vcxproj", "{B87153D6-6E19-436A-9552-85691642FB46}"
EndProject
Project("{8BC9CEB8-8B4A-11D0-8D11-00A0C91BC942}") = "droplang", "droplang.vcxproj", "{7A3F5AFF-191C-4CD2-A06F-FA32620B1E98}"
EndProject
Project("{8BC9CEB8-8B4A-11D0-8D11-00A0C91BC942}") = "dropuser", "dropuser.vcxproj", "{DBA7C07B-BF92-4F6C-B29C-8308F132461E}"
EndProject
Project("{8BC9CEB8-8B4A-11D0-8D11-00A0C91BC942}") = "clusterdb", "clusterdb.vcxproj", "{6B42320C-BEF9-436B-8906-3B3102961C7D}"
EndProject
Project("{8BC9CEB8-8B4A-11D0-8D11-00A0C91BC942}") = "vacuumdb", "vacuumdb.vcxproj", "{94640CA9-8368-4E98-9AC8-015675ED84ED}"
EndProject
Project("{8BC9CEB8-8B4A-11D0-8D11-00A0C91BC942}") = "reindexdb", "reindexdb.vcxproj", "{4D89FEB9-6EB1-4424-9D10-56D9F28798CC}"
EndProject
Project("{2150E333-8FDC-42A3-9474-1A3956D46DE8}") = "bin", "bin", "{CF2ADAEB-7791-4E80-A44A-31416C908624}"
EndProject
Project("{8BC9CEB8-8B4A-11D0-8D11-00A0C91BC942}") = "adminpack", "adminpack.vcxproj", "{6338F879-8718-4075-BA41-D0EA9ECB757C}"
EndProject
Project("{8BC9CEB8-8B4A-11D0-8D11-00A0C91BC942}") = "auth_delay", "auth_delay.vcxproj", "{830C07E5-26A3-41DB-B0E5-5579EE7076E5}"
EndProject
Project("{8BC9CEB8-8B4A-11D0-8D11-00A0C91BC942}") = "auto_explain", "auto_explain.vcxproj", "{11C05966-54D1-4FE0-9B28-E148E244091F}"
	ProjectSection(ProjectDependencies) = postProject
		{6338F879-8718-4075-BA41-D0EA9ECB757C} = {6338F879-8718-4075-BA41-D0EA9ECB757C}
	EndProjectSection
EndProject
Project("{8BC9CEB8-8B4A-11D0-8D11-00A0C91BC942}") = "btree_gin", "btree_gin.vcxproj", "{FEC3471F-19AE-4F28-ADF1-23BC55B19B54}"
EndProject
Project("{8BC9CEB8-8B4A-11D0-8D11-00A0C91BC942}") = "btree_gist", "btree_gist.vcxproj", "{196CBF3C-D340-40D9-8910-57E94CEE85EB}"
EndProject
Project("{8BC9CEB8-8B4A-11D0-8D11-00A0C91BC942}") = "chkpass", "chkpass.vcxproj", "{EF3D28CA-B3FE-4BB5-9344-1EB06C69709D}"
	ProjectSection(ProjectDependencies) = postProject
		{BF02C266-C147-40D2-BF7D-5B45BD5DB217} = {BF02C266-C147-40D2-BF7D-5B45BD5DB217}
	EndProjectSection
EndProject
Project("{8BC9CEB8-8B4A-11D0-8D11-00A0C91BC942}") = "citext", "citext.vcxproj", "{D1177C88-8217-4975-952B-3D347FAD5E6E}"
EndProject
Project("{8BC9CEB8-8B4A-11D0-8D11-00A0C91BC942}") = "cube", "cube.vcxproj", "{BB9A4BEC-BFD7-4A15-84BF-1C4AFF90728E}"
EndProject
Project("{8BC9CEB8-8B4A-11D0-8D11-00A0C91BC942}") = "dblink", "dblink.vcxproj", "{BF02C266-C147-40D2-BF7D-5B45BD5DB217}"
EndProject
Project("{8BC9CEB8-8B4A-11D0-8D11-00A0C91BC942}") = "dict_int", "dict_int.vcxproj", "{4FC434A7-B07C-46CE-A33E-6A9979AB8578}"
EndProject
Project("{8BC9CEB8-8B4A-11D0-8D11-00A0C91BC942}") = "dict_xsyn", "dict_xsyn.vcxproj", "{F494FC32-167C-4753-803E-593F4284B65A}"
EndProject
Project("{8BC9CEB8-8B4A-11D0-8D11-00A0C91BC942}") = "dummy_seclabel", "dummy_seclabel.vcxproj", "{054B5D54-62CA-4E4A-88E8-A1652D9AD839}"
EndProject
Project("{8BC9CEB8-8B4A-11D0-8D11-00A0C91BC942}") = "earthdistance", "earthdistance.vcxproj", "{CA91D575-08D5-460C-A939-7BEC36F76D75}"
EndProject
Project("{8BC9CEB8-8B4A-11D0-8D11-00A0C91BC942}") = "file_fdw", "file_fdw.vcxproj", "{A313F7D1-231A-45A4-B1A5-7175453B9708}"
EndProject
Project("{8BC9CEB8-8B4A-11D0-8D11-00A0C91BC942}") = "fuzzystrmatch", "fuzzystrmatch.vcxproj", "{6FC66F2B-CC97-4698-9294-5A9E8CFF3442}"
	ProjectSection(ProjectDependencies) = postProject
		{378BE59F-D143-4478-AEE3-4EDAA81B65E5} = {378BE59F-D143-4478-AEE3-4EDAA81B65E5}
	EndProjectSection
EndProject
Project("{8BC9CEB8-8B4A-11D0-8D11-00A0C91BC942}") = "hstore", "hstore.vcxproj", "{378BE59F-D143-4478-AEE3-4EDAA81B65E5}"
EndProject
Project("{8BC9CEB8-8B4A-11D0-8D11-00A0C91BC942}") = "_int", "_int.vcxproj", "{35FE2568-3C28-441F-BE54-5FDBEB940666}"
	ProjectSection(ProjectDependencies) = postProject
		{7EE47A38-8A4A-45B7-AEB6-0BEDFCAA6FB1} = {7EE47A38-8A4A-45B7-AEB6-0BEDFCAA6FB1}
	EndProjectSection
EndProject
Project("{8BC9CEB8-8B4A-11D0-8D11-00A0C91BC942}") = "isn", "isn.vcxproj", "{B0170E04-269E-49AA-99C2-342EA067CEF3}"
EndProject
Project("{8BC9CEB8-8B4A-11D0-8D11-00A0C91BC942}") = "lo", "lo.vcxproj", "{58987E68-352F-4DC0-A58D-35C04288F2AA}"
EndProject
Project("{8BC9CEB8-8B4A-11D0-8D11-00A0C91BC942}") = "ltree", "ltree.vcxproj", "{999A07E3-5534-4EA1-A97B-7E13113CE576}"
	ProjectSection(ProjectDependencies) = postProject
		{B0170E04-269E-49AA-99C2-342EA067CEF3} = {B0170E04-269E-49AA-99C2-342EA067CEF3}
	EndProjectSection
EndProject
Project("{8BC9CEB8-8B4A-11D0-8D11-00A0C91BC942}") = "oid2name", "oid2name.vcxproj", "{D9DF7003-3178-4994-B4F9-E3F7A7DC09DA}"
EndProject
Project("{8BC9CEB8-8B4A-11D0-8D11-00A0C91BC942}") = "pageinspect", "pageinspect.vcxproj", "{679C6A98-2EF5-4F97-9E3C-54FFE70EEB45}"
EndProject
Project("{8BC9CEB8-8B4A-11D0-8D11-00A0C91BC942}") = "passwordcheck", "passwordcheck.vcxproj", "{3E3C76C1-CD2F-4805-A127-C9CEF3E54EC9}"
	ProjectSection(ProjectDependencies) = postProject
		{679C6A98-2EF5-4F97-9E3C-54FFE70EEB45} = {679C6A98-2EF5-4F97-9E3C-54FFE70EEB45}
	EndProjectSection
EndProject
Project("{8BC9CEB8-8B4A-11D0-8D11-00A0C91BC942}") = "pgbench", "pgbench.vcxproj", "{44DE3403-E410-43C7-836D-78B95D2513F3}"
EndProject
Project("{8BC9CEB8-8B4A-11D0-8D11-00A0C91BC942}") = "pgrowlocks", "pgrowlocks.vcxproj", "{CDFB0C85-0586-4767-8BA8-864BF6F214F3}"
EndProject
Project("{8BC9CEB8-8B4A-11D0-8D11-00A0C91BC942}") = "pgstattuple", "pgstattuple.vcxproj", "{CB311EE4-A7C0-4B97-B81C-E1BD4DE58645}"
EndProject
Project("{8BC9CEB8-8B4A-11D0-8D11-00A0C91BC942}") = "pg_archivecleanup", "pg_archivecleanup.vcxproj", "{C17AF477-BDCD-4842-8C76-70E811F85C75}"
EndProject
Project("{8BC9CEB8-8B4A-11D0-8D11-00A0C91BC942}") = "pg_buffercache", "pg_buffercache.vcxproj", "{BF2E514A-2BF3-4BC0-A459-FD677E30E1BE}"
EndProject
Project("{8BC9CEB8-8B4A-11D0-8D11-00A0C91BC942}") = "pg_freespacemap", "pg_freespacemap.vcxproj", "{94D2EE57-3E9F-4209-9349-FD30E63A555A}"
	ProjectSection(ProjectDependencies) = postProject
		{BF2E514A-2BF3-4BC0-A459-FD677E30E1BE} = {BF2E514A-2BF3-4BC0-A459-FD677E30E1BE}
	EndProjectSection
EndProject
Project("{8BC9CEB8-8B4A-11D0-8D11-00A0C91BC942}") = "pg_standby", "pg_standby.vcxproj", "{E9572640-8963-4FE3-93B8-BA38948B4557}"
EndProject
Project("{8BC9CEB8-8B4A-11D0-8D11-00A0C91BC942}") = "pg_stat_statements", "pg_stat_statements.vcxproj", "{0802E502-2821-4646-9BEF-A63C1D5E4F4A}"
EndProject
Project("{8BC9CEB8-8B4A-11D0-8D11-00A0C91BC942}") = "pg_test_fsync", "pg_test_fsync.vcxproj", "{3D2B0ACF-46C7-4565-BB9B-7338191BE444}"
EndProject
Project("{8BC9CEB8-8B4A-11D0-8D11-00A0C91BC942}") = "pg_test_timing", "pg_test_timing.vcxproj", "{9CB3F54B-43CF-485F-B3A3-BE619B6DC325}"
EndProject
Project("{8BC9CEB8-8B4A-11D0-8D11-00A0C91BC942}") = "pg_trgm", "pg_trgm.vcxproj", "{6F49C0ED-CE2C-4170-A83F-05EF3B6A5959}"
EndProject
Project("{8BC9CEB8-8B4A-11D0-8D11-00A0C91BC942}") = "pg_upgrade", "pg_upgrade.vcxproj", "{C0B5637F-061B-4959-9F6F-A20F2E8125A8}"
EndProject
Project("{8BC9CEB8-8B4A-11D0-8D11-00A0C91BC942}") = "pg_upgrade_support", "pg_upgrade_support.vcxproj", "{A9232E7F-74D9-4582-AEBB-53EF740193B4}"
EndProject
Project("{8BC9CEB8-8B4A-11D0-8D11-00A0C91BC942}") = "seg", "seg.vcxproj", "{DF776B6C-7303-4F1A-9F24-7ADF86158AE0}"
	ProjectSection(ProjectDependencies) = postProject
		{6F49C0ED-CE2C-4170-A83F-05EF3B6A5959} = {6F49C0ED-CE2C-4170-A83F-05EF3B6A5959}
	EndProjectSection
EndProject
Project("{8BC9CEB8-8B4A-11D0-8D11-00A0C91BC942}") = "autoinc", "autoinc.vcxproj", "{632DA4CB-1965-4F6C-AC51-9D46BB2D1EF1}"
	ProjectSection(ProjectDependencies) = postProject
		{7EE47A38-8A4A-45B7-AEB6-0BEDFCAA6FB1} = {7EE47A38-8A4A-45B7-AEB6-0BEDFCAA6FB1}
	EndProjectSection
EndProject
Project("{8BC9CEB8-8B4A-11D0-8D11-00A0C91BC942}") = "insert_username", "insert_username.vcxproj", "{148D06F6-BC3F-4C99-A1DB-AC92EF42952A}"
	ProjectSection(ProjectDependencies) = postProject
		{632DA4CB-1965-4F6C-AC51-9D46BB2D1EF1} = {632DA4CB-1965-4F6C-AC51-9D46BB2D1EF1}
	EndProjectSection
EndProject
Project("{8BC9CEB8-8B4A-11D0-8D11-00A0C91BC942}") = "moddatetime", "moddatetime.vcxproj", "{59F3D276-1364-4257-A63D-ED6A58620C19}"
EndProject
Project("{8BC9CEB8-8B4A-11D0-8D11-00A0C91BC942}") = "refint", "refint.vcxproj", "{625F3230-423E-46C1-A6DB-7B52C98E0887}"
EndProject
Project("{8BC9CEB8-8B4A-11D0-8D11-00A0C91BC942}") = "timetravel", "timetravel.vcxproj", "{C6DF8B5B-7F49-4528-BD3B-1761B28CCC01}"
EndProject
Project("{8BC9CEB8-8B4A-11D0-8D11-00A0C91BC942}") = "tablefunc", "tablefunc.vcxproj", "{F79EC93D-7375-42EA-9451-D06EB9EAB249}"
EndProject
Project("{8BC9CEB8-8B4A-11D0-8D11-00A0C91BC942}") = "tcn", "tcn.vcxproj", "{B1F25F14-4475-4785-ABF2-EDEC747F7721}"
EndProject
Project("{8BC9CEB8-8B4A-11D0-8D11-00A0C91BC942}") = "test_parser", "test_parser.vcxproj", "{FAE27490-E982-4A00-98FC-CE9243B2C3D9}"
EndProject
Project("{8BC9CEB8-8B4A-11D0-8D11-00A0C91BC942}") = "tsearch2", "tsearch2.vcxproj", "{9164FB73-D4D4-4104-A14C-D0400A289B28}"
EndProject
Project("{8BC9CEB8-8B4A-11D0-8D11-00A0C91BC942}") = "unaccent", "unaccent.vcxproj", "{B692DC60-7C09-4F62-B31D-F413A5D310A6}"
EndProject
Project("{8BC9CEB8-8B4A-11D0-8D11-00A0C91BC942}") = "vacuumlo", "vacuumlo.vcxproj", "{4275F91E-8797-4C25-B002-980EA6FE5CC7}"
EndProject
Project("{2150E333-8FDC-42A3-9474-1A3956D46DE8}") = "contrib", "contrib", "{D89EF006-BDA9-4C4F-8DCB-300EC1D34D3E}"
EndProject
Project("{8BC9CEB8-8B4A-11D0-8D11-00A0C91BC942}") = "zic", "zic.vcxproj", "{A1D25EBD-0701-4943-8BAD-1F83EB005B32}"
EndProject
Project("{2150E333-8FDC-42A3-9474-1A3956D46DE8}") = "utils", "utils", "{0C583182-110D-4829-87AB-A968282713C2}"
EndProject
Project("{8BC9CEB8-8B4A-11D0-8D11-00A0C91BC942}") = "pgcrypto", "pgcrypto.vcxproj", "{7EE47A38-8A4A-45B7-AEB6-0BEDFCAA6FB1}"
	ProjectSection(ProjectDependencies) = postProject
		{378BE59F-D143-4478-AEE3-4EDAA81B65E5} = {378BE59F-D143-4478-AEE3-4EDAA81B65E5}
	EndProjectSection
EndProject
Project("{2150E333-8FDC-42A3-9474-1A3956D46DE8}") = "crypto", "crypto", "{787A4EF4-6481-47C5-B324-37AB9BF3061B}"
EndProject
Project("{8BC9CEB8-8B4A-11D0-8D11-00A0C91BC942}") = "plpgsql", "plpgsql.vcxproj", "{2DAD163C-F17E-4EC2-B0DD-3B2AC2323F7E}"
	ProjectSection(ProjectDependencies) = postProject
		{7EE47A38-8A4A-45B7-AEB6-0BEDFCAA6FB1} = {7EE47A38-8A4A-45B7-AEB6-0BEDFCAA6FB1}
	EndProjectSection
EndProject
Project("{2150E333-8FDC-42A3-9474-1A3956D46DE8}") = "PLs", "PLs", "{AE416471-5C8B-4BDD-BE31-16C9B9242AFD}"
EndProject
Project("{8BC9CEB8-8B4A-11D0-8D11-00A0C91BC942}") = "libpq", "libpq.vcxproj", "{4A258496-84A3-4717-A4DB-20F3286A6FEC}"
EndProject
Project("{8BC9CEB8-8B4A-11D0-8D11-00A0C91BC942}") = "libpgtypes", "libpgtypes.vcxproj", "{9FF5F451-6641-40BA-BF12-294E63BBD899}"
EndProject
Project("{8BC9CEB8-8B4A-11D0-8D11-00A0C91BC942}") = "libecpg", "libecpg.vcxproj", "{0D78BC20-6D03-4655-8349-98E832E0B920}"
EndProject
Project("{8BC9CEB8-8B4A-11D0-8D11-00A0C91BC942}") = "libecpg_compat", "libecpg_compat.vcxproj", "{D24D3366-821C-4BB7-BF5B-922396FADA41}"
EndProject
Project("{8BC9CEB8-8B4A-11D0-8D11-00A0C91BC942}") = "ecpg", "ecpg.vcxproj", "{B4D40393-B57A-4A58-B1B0-19AF77D3E54A}"
EndProject
Project("{2150E333-8FDC-42A3-9474-1A3956D46DE8}") = "interfaces", "interfaces", "{66DBD1FC-68C9-4ACF-A83D-ADA971CFBACE}"
EndProject
Project("{8BC9CEB8-8B4A-11D0-8D11-00A0C91BC942}") = "libpgport", "libpgport.vcxproj", "{5C438436-E2CC-4C90-8384-EE7879F2AD1A}"
EndProject
Project("{8BC9CEB8-8B4A-11D0-8D11-00A0C91BC942}") = "pg_regress_ecpg", "pg_regress_ecpg.vcxproj", "{2B4FB562-6350-4490-954D-2C376C6F3144}"
EndProject
Project("{8BC9CEB8-8B4A-11D0-8D11-00A0C91BC942}") = "isolationtester", "isolationtester.vcxproj", "{5AECDA3C-E1CB-42CD-AF26-055E25EEF435}"
EndProject
Project("{8BC9CEB8-8B4A-11D0-8D11-00A0C91BC942}") = "pg_isolation_regress", "pg_isolation_regress.vcxproj", "{9AF340D8-A82A-4645-86D3-066668C7E615}"
EndProject
Project("{8BC9CEB8-8B4A-11D0-8D11-00A0C91BC942}") = "regress", "regress.vcxproj", "{9B972D43-C477-47FE-A371-C66E0C8A9D28}"
EndProject
Project("{8BC9CEB8-8B4A-11D0-8D11-00A0C91BC942}") = "pg_regress", "pg_regress.vcxproj", "{14F02220-4B44-4913-89B2-EF3D2BC58B30}"
EndProject
Project("{2150E333-8FDC-42A3-9474-1A3956D46DE8}") = "misc", "misc", "{30585C11-2E56-434D-9068-158843D43563}"
EndProject
Project("{8BC9CEB8-8B4A-11D0-8D11-00A0C91BC942}") = "ascii_and_mic", "ascii_and_mic.vcxproj", "{EDE5AE0C-EB09-4F00-87BB-02F39664FA3C}"
EndProject
Project("{8BC9CEB8-8B4A-11D0-8D11-00A0C91BC942}") = "cyrillic_and_mic", "cyrillic_and_mic.vcxproj", "{4D642D1E-7978-45A1-B020-242315A84555}"
	ProjectSection(ProjectDependencies) = postProject
		{EDE5AE0C-EB09-4F00-87BB-02F39664FA3C} = {EDE5AE0C-EB09-4F00-87BB-02F39664FA3C}
	EndProjectSection
EndProject
Project("{8BC9CEB8-8B4A-11D0-8D11-00A0C91BC942}") = "euc_cn_and_mic", "euc_cn_and_mic.vcxproj", "{85B92B8B-92F5-407E-87C4-E526234FA9B0}"
EndProject
Project("{8BC9CEB8-8B4A-11D0-8D11-00A0C91BC942}") = "euc_jp_and_sjis", "euc_jp_and_sjis.vcxproj", "{EA96482C-AA22-4C93-8525-2F9F2CA71C3A}"
EndProject
Project("{8BC9CEB8-8B4A-11D0-8D11-00A0C91BC942}") = "euc_kr_and_mic", "euc_kr_and_mic.vcxproj", "{563FC06C-6845-4C08-9F1A-5A2248580BAE}"
EndProject
Project("{8BC9CEB8-8B4A-11D0-8D11-00A0C91BC942}") = "euc_tw_and_big5", "euc_tw_and_big5.vcxproj", "{8DA28A79-432F-47DE-9BD0-26685C666BDB}"
EndProject
Project("{8BC9CEB8-8B4A-11D0-8D11-00A0C91BC942}") = "latin2_and_win1250", "latin2_and_win1250.vcxproj", "{98FBEED3-F966-43B2-BE35-259747B55ED5}"
EndProject
Project("{8BC9CEB8-8B4A-11D0-8D11-00A0C91BC942}") = "latin_and_mic", "latin_and_mic.vcxproj", "{6252FAF1-5652-47B7-9193-BF7FA1241D54}"
	ProjectSection(ProjectDependencies) = postProject
		{299D6175-442B-4F84-BBCF-9E5D256A0569} = {299D6175-442B-4F84-BBCF-9E5D256A0569}
	EndProjectSection
EndProject
Project("{8BC9CEB8-8B4A-11D0-8D11-00A0C91BC942}") = "utf8_and_ascii", "utf8_and_ascii.vcxproj", "{299D6175-442B-4F84-BBCF-9E5D256A0569}"
EndProject
Project("{8BC9CEB8-8B4A-11D0-8D11-00A0C91BC942}") = "utf8_and_big5", "utf8_and_big5.vcxproj", "{EE96DB09-D02E-4090-9ABD-651ED0EAF23F}"
EndProject
Project("{8BC9CEB8-8B4A-11D0-8D11-00A0C91BC942}") = "utf8_and_cyrillic", "utf8_and_cyrillic.vcxproj", "{8091C41E-CB98-4F1D-947D-12FC3D962FF5}"
EndProject
Project("{8BC9CEB8-8B4A-11D0-8D11-00A0C91BC942}") = "utf8_and_euc_cn", "utf8_and_euc_cn.vcxproj", "{41E3AD0C-E87E-4CFB-BE30-37A366D8E900}"
EndProject
Project("{8BC9CEB8-8B4A-11D0-8D11-00A0C91BC942}") = "utf8_and_euc_jp", "utf8_and_euc_jp.vcxproj", "{6F571F1A-F11D-449A-8EC4-867747D63D86}"
EndProject
Project("{8BC9CEB8-8B4A-11D0-8D11-00A0C91BC942}") = "utf8_and_euc_kr", "utf8_and_euc_kr.vcxproj", "{D68262CF-3DEC-4990-9250-F892657F8913}"
EndProject
Project("{8BC9CEB8-8B4A-11D0-8D11-00A0C91BC942}") = "utf8_and_euc_tw", "utf8_and_euc_tw.vcxproj", "{92062F1F-A856-44E6-9D87-D1787052C4FA}"
EndProject
Project("{8BC9CEB8-8B4A-11D0-8D11-00A0C91BC942}") = "utf8_and_gb18030", "utf8_and_gb18030.vcxproj", "{E5C32DD9-15EC-47C2-9387-D68567E890C9}"
	ProjectSection(ProjectDependencies) = postProject
		{6F571F1A-F11D-449A-8EC4-867747D63D86} = {6F571F1A-F11D-449A-8EC4-867747D63D86}
	EndProjectSection
EndProject
Project("{8BC9CEB8-8B4A-11D0-8D11-00A0C91BC942}") = "utf8_and_gbk", "utf8_and_gbk.vcxproj", "{9A7B1E7C-6D4C-409E-95D9-B0CF693114A4}"
EndProject
Project("{8BC9CEB8-8B4A-11D0-8D11-00A0C91BC942}") = "utf8_and_iso8859", "utf8_and_iso8859.vcxproj", "{8BFF567A-3947-4B85-A1F6-069B9B570D19}"
EndProject
Project("{8BC9CEB8-8B4A-11D0-8D11-00A0C91BC942}") = "utf8_and_iso8859_1", "utf8_and_iso8859_1.vcxproj", "{980CAFBF-20B8-4BCD-BFB0-8EADB68B3BF7}"
EndProject
Project("{8BC9CEB8-8B4A-11D0-8D11-00A0C91BC942}") = "utf8_and_johab", "utf8_and_johab.vcxproj", "{1A7B23AF-1022-4D66-ABDF-1486F0D72C99}"
	ProjectSection(ProjectDependencies) = postProject
		{0CBA7CA4-333C-4298-A8DA-550765493436} = {0CBA7CA4-333C-4298-A8DA-550765493436}
	EndProjectSection
EndProject
Project("{8BC9CEB8-8B4A-11D0-8D11-00A0C91BC942}") = "utf8_and_sjis", "utf8_and_sjis.vcxproj", "{7958A750-C190-41AA-9A91-BAE4065CE47B}"
EndProject
Project("{8BC9CEB8-8B4A-11D0-8D11-00A0C91BC942}") = "utf8_and_win", "utf8_and_win.vcxproj", "{ED1828E2-092C-43D8-A2D8-83CF053DDB46}"
	ProjectSection(ProjectDependencies) = postProject
		{8BFF567A-3947-4B85-A1F6-069B9B570D19} = {8BFF567A-3947-4B85-A1F6-069B9B570D19}
	EndProjectSection
EndProject
Project("{8BC9CEB8-8B4A-11D0-8D11-00A0C91BC942}") = "utf8_and_uhc", "utf8_and_uhc.vcxproj", "{0CBA7CA4-333C-4298-A8DA-550765493436}"
EndProject
Project("{8BC9CEB8-8B4A-11D0-8D11-00A0C91BC942}") = "utf8_and_euc2004", "utf8_and_euc2004.vcxproj", "{53FD27E7-B7BC-42E5-9A26-9FF7080C6D07}"
	ProjectSection(ProjectDependencies) = postProject
		{0CBA7CA4-333C-4298-A8DA-550765493436} = {0CBA7CA4-333C-4298-A8DA-550765493436}
	EndProjectSection
EndProject
Project("{8BC9CEB8-8B4A-11D0-8D11-00A0C91BC942}") = "utf8_and_sjis2004", "utf8_and_sjis2004.vcxproj", "{AFB38C8D-D4A4-413B-84BD-873A60F70419}"
	ProjectSection(ProjectDependencies) = postProject
		{0CBA7CA4-333C-4298-A8DA-550765493436} = {0CBA7CA4-333C-4298-A8DA-550765493436}
	EndProjectSection
EndProject
Project("{8BC9CEB8-8B4A-11D0-8D11-00A0C91BC942}") = "euc2004_sjis2004", "euc2004_sjis2004.vcxproj", "{A5BA58ED-5121-4851-88F5-A8F0CDC8D3B7}"
	ProjectSection(ProjectDependencies) = postProject
		{ED1828E2-092C-43D8-A2D8-83CF053DDB46} = {ED1828E2-092C-43D8-A2D8-83CF053DDB46}
	EndProjectSection
EndProject
Project("{2150E333-8FDC-42A3-9474-1A3956D46DE8}") = "conversion procs", "conversion procs", "{562B53A8-6E82-4072-B75E-56D5474545E8}"
EndProject
Global
	GlobalSection(SolutionConfigurationPlatforms) = preSolution
		Debug|x64 = Debug|x64
		Release|x64 = Release|x64
	EndGlobalSection
	GlobalSection(ProjectConfigurationPlatforms) = postSolution
		{37140CCB-D034-4922-8996-160193EB2168}.Debug|x64.ActiveCfg = Debug|x64
		{37140CCB-D034-4922-8996-160193EB2168}.Debug|x64.Build.0 = Debug|x64
		{37140CCB-D034-4922-8996-160193EB2168}.Release|x64.ActiveCfg = Release|x64
		{37140CCB-D034-4922-8996-160193EB2168}.Release|x64.Build.0 = Release|x64
		{2271C6CC-67B8-49D8-A5AA-9A260A0F3DCD}.Debug|x64.ActiveCfg = Debug|x64
		{2271C6CC-67B8-49D8-A5AA-9A260A0F3DCD}.Debug|x64.Build.0 = Debug|x64
		{2271C6CC-67B8-49D8-A5AA-9A260A0F3DCD}.Release|x64.ActiveCfg = Release|x64
		{2271C6CC-67B8-49D8-A5AA-9A260A0F3DCD}.Release|x64.Build.0 = Release|x64
		{1A164032-42D9-4ADB-B140-3E16E5FDA764}.Debug|x64.ActiveCfg = Debug|x64
		{1A164032-42D9-4ADB-B140-3E16E5FDA764}.Debug|x64.Build.0 = Debug|x64
		{1A164032-42D9-4ADB-B140-3E16E5FDA764}.Release|x64.ActiveCfg = Release|x64
		{1A164032-42D9-4ADB-B140-3E16E5FDA764}.Release|x64.Build.0 = Release|x64
		{430538D8-BFB2-460D-B19C-72BCD41FFF9A}.Debug|x64.ActiveCfg = Debug|x64
		{430538D8-BFB2-460D-B19C-72BCD41FFF9A}.Debug|x64.Build.0 = Debug|x64
		{430538D8-BFB2-460D-B19C-72BCD41FFF9A}.Release|x64.ActiveCfg = Release|x64
		{430538D8-BFB2-460D-B19C-72BCD41FFF9A}.Release|x64.Build.0 = Release|x64
		{069695E4-4F7B-4AFB-8682-EBB204FE8246}.Debug|x64.ActiveCfg = Debug|x64
		{069695E4-4F7B-4AFB-8682-EBB204FE8246}.Debug|x64.Build.0 = Debug|x64
		{069695E4-4F7B-4AFB-8682-EBB204FE8246}.Release|x64.ActiveCfg = Release|x64
		{069695E4-4F7B-4AFB-8682-EBB204FE8246}.Release|x64.Build.0 = Release|x64
		{4B6A4A33-FC92-438B-BA60-37A6DC512CFF}.Debug|x64.ActiveCfg = Debug|x64
		{4B6A4A33-FC92-438B-BA60-37A6DC512CFF}.Debug|x64.Build.0 = Debug|x64
		{4B6A4A33-FC92-438B-BA60-37A6DC512CFF}.Release|x64.ActiveCfg = Release|x64
		{4B6A4A33-FC92-438B-BA60-37A6DC512CFF}.Release|x64.Build.0 = Release|x64
		{4CD4C46C-D8C9-4A55-865E-F59C05115434}.Debug|x64.ActiveCfg = Debug|x64
		{4CD4C46C-D8C9-4A55-865E-F59C05115434}.Debug|x64.Build.0 = Debug|x64
		{4CD4C46C-D8C9-4A55-865E-F59C05115434}.Release|x64.ActiveCfg = Release|x64
		{4CD4C46C-D8C9-4A55-865E-F59C05115434}.Release|x64.Build.0 = Release|x64
		{BFFA0E91-584F-44A3-825D-06C3F62B2928}.Debug|x64.ActiveCfg = Debug|x64
		{BFFA0E91-584F-44A3-825D-06C3F62B2928}.Debug|x64.Build.0 = Debug|x64
		{BFFA0E91-584F-44A3-825D-06C3F62B2928}.Release|x64.ActiveCfg = Release|x64
		{BFFA0E91-584F-44A3-825D-06C3F62B2928}.Release|x64.Build.0 = Release|x64
		{0784759C-4690-4532-A9C2-3BF9D2691DF3}.Debug|x64.ActiveCfg = Debug|x64
		{0784759C-4690-4532-A9C2-3BF9D2691DF3}.Debug|x64.Build.0 = Debug|x64
		{0784759C-4690-4532-A9C2-3BF9D2691DF3}.Release|x64.ActiveCfg = Release|x64
		{0784759C-4690-4532-A9C2-3BF9D2691DF3}.Release|x64.Build.0 = Release|x64
		{7D8D0F4E-D8E3-44EC-8202-DF34BA656D8D}.Debug|x64.ActiveCfg = Debug|x64
		{7D8D0F4E-D8E3-44EC-8202-DF34BA656D8D}.Debug|x64.Build.0 = Debug|x64
		{7D8D0F4E-D8E3-44EC-8202-DF34BA656D8D}.Release|x64.ActiveCfg = Release|x64
		{7D8D0F4E-D8E3-44EC-8202-DF34BA656D8D}.Release|x64.Build.0 = Release|x64
		{3ACF4779-EDF5-47B9-AE83-92E69E39D6F9}.Debug|x64.ActiveCfg = Debug|x64
		{3ACF4779-EDF5-47B9-AE83-92E69E39D6F9}.Debug|x64.Build.0 = Debug|x64
		{3ACF4779-EDF5-47B9-AE83-92E69E39D6F9}.Release|x64.ActiveCfg = Release|x64
		{3ACF4779-EDF5-47B9-AE83-92E69E39D6F9}.Release|x64.Build.0 = Release|x64
		{B675F829-880C-4DDC-B0F4-D07B6F4368D9}.Debug|x64.ActiveCfg = Debug|x64
		{B675F829-880C-4DDC-B0F4-D07B6F4368D9}.Debug|x64.Build.0 = Debug|x64
		{B675F829-880C-4DDC-B0F4-D07B6F4368D9}.Release|x64.ActiveCfg = Release|x64
		{B675F829-880C-4DDC-B0F4-D07B6F4368D9}.Release|x64.Build.0 = Release|x64
		{13C94B6D-5120-4968-AB46-B01A577C05FB}.Debug|x64.ActiveCfg = Debug|x64
		{13C94B6D-5120-4968-AB46-B01A577C05FB}.Debug|x64.Build.0 = Debug|x64
		{13C94B6D-5120-4968-AB46-B01A577C05FB}.Release|x64.ActiveCfg = Release|x64
		{13C94B6D-5120-4968-AB46-B01A577C05FB}.Release|x64.Build.0 = Release|x64
		{00A61FBE-4442-4941-B5B7-D61830870733}.Debug|x64.ActiveCfg = Debug|x64
		{00A61FBE-4442-4941-B5B7-D61830870733}.Debug|x64.Build.0 = Debug|x64
		{00A61FBE-4442-4941-B5B7-D61830870733}.Release|x64.ActiveCfg = Release|x64
		{00A61FBE-4442-4941-B5B7-D61830870733}.Release|x64.Build.0 = Release|x64
		{08B09D63-C260-422C-A527-DBE71AA37543}.Debug|x64.ActiveCfg = Debug|x64
		{08B09D63-C260-422C-A527-DBE71AA37543}.Debug|x64.Build.0 = Debug|x64
		{08B09D63-C260-422C-A527-DBE71AA37543}.Release|x64.ActiveCfg = Release|x64
		{08B09D63-C260-422C-A527-DBE71AA37543}.Release|x64.Build.0 = Release|x64
		{F94C296A-EAD5-4A60-A256-D8A709AA8561}.Debug|x64.ActiveCfg = Debug|x64
		{F94C296A-EAD5-4A60-A256-D8A709AA8561}.Debug|x64.Build.0 = Debug|x64
		{F94C296A-EAD5-4A60-A256-D8A709AA8561}.Release|x64.ActiveCfg = Release|x64
		{F94C296A-EAD5-4A60-A256-D8A709AA8561}.Release|x64.Build.0 = Release|x64
		{FC257C78-C924-4263-8945-038888615BF5}.Debug|x64.ActiveCfg = Debug|x64
		{FC257C78-C924-4263-8945-038888615BF5}.Debug|x64.Build.0 = Debug|x64
		{FC257C78-C924-4263-8945-038888615BF5}.Release|x64.ActiveCfg = Release|x64
		{FC257C78-C924-4263-8945-038888615BF5}.Release|x64.Build.0 = Release|x64
		{306DCD5B-9362-402A-8CC6-8DA6F7DDD8EB}.Debug|x64.ActiveCfg = Debug|x64
		{306DCD5B-9362-402A-8CC6-8DA6F7DDD8EB}.Debug|x64.Build.0 = Debug|x64
		{306DCD5B-9362-402A-8CC6-8DA6F7DDD8EB}.Release|x64.ActiveCfg = Release|x64
		{306DCD5B-9362-402A-8CC6-8DA6F7DDD8EB}.Release|x64.Build.0 = Release|x64
		{B87153D6-6E19-436A-9552-85691642FB46}.Debug|x64.ActiveCfg = Debug|x64
		{B87153D6-6E19-436A-9552-85691642FB46}.Debug|x64.Build.0 = Debug|x64
		{B87153D6-6E19-436A-9552-85691642FB46}.Release|x64.ActiveCfg = Release|x64
		{B87153D6-6E19-436A-9552-85691642FB46}.Release|x64.Build.0 = Release|x64
		{7A3F5AFF-191C-4CD2-A06F-FA32620B1E98}.Debug|x64.ActiveCfg = Debug|x64
		{7A3F5AFF-191C-4CD2-A06F-FA32620B1E98}.Debug|x64.Build.0 = Debug|x64
		{7A3F5AFF-191C-4CD2-A06F-FA32620B1E98}.Release|x64.ActiveCfg = Release|x64
		{7A3F5AFF-191C-4CD2-A06F-FA32620B1E98}.Release|x64.Build.0 = Release|x64
		{DBA7C07B-BF92-4F6C-B29C-8308F132461E}.Debug|x64.ActiveCfg = Debug|x64
		{DBA7C07B-BF92-4F6C-B29C-8308F132461E}.Debug|x64.Build.0 = Debug|x64
		{DBA7C07B-BF92-4F6C-B29C-8308F132461E}.Release|x64.ActiveCfg = Release|x64
		{DBA7C07B-BF92-4F6C-B29C-8308F132461E}.Release|x64.Build.0 = Release|x64
		{6B42320C-BEF9-436B-8906-3B3102961C7D}.Debug|x64.ActiveCfg = Debug|x64
		{6B42320C-BEF9-436B-8906-3B3102961C7D}.Debug|x64.Build.0 = Debug|x64
		{6B42320C-BEF9-436B-8906-3B3102961C7D}.Release|x64.ActiveCfg = Release|x64
		{6B42320C-BEF9-436B-8906-3B3102961C7D}.Release|x64.Build.0 = Release|x64
		{94640CA9-8368-4E98-9AC8-015675ED84ED}.Debug|x64.ActiveCfg = Debug|x64
		{94640CA9-8368-4E98-9AC8-015675ED84ED}.Debug|x64.Build.0 = Debug|x64
		{94640CA9-8368-4E98-9AC8-015675ED84ED}.Release|x64.ActiveCfg = Release|x64
		{94640CA9-8368-4E98-9AC8-015675ED84ED}.Release|x64.Build.0 = Release|x64
		{4D89FEB9-6EB1-4424-9D10-56D9F28798CC}.Debug|x64.ActiveCfg = Debug|x64
		{4D89FEB9-6EB1-4424-9D10-56D9F28798CC}.Debug|x64.Build.0 = Debug|x64
		{4D89FEB9-6EB1-4424-9D10-56D9F28798CC}.Release|x64.ActiveCfg = Release|x64
		{4D89FEB9-6EB1-4424-9D10-56D9F28798CC}.Release|x64.Build.0 = Release|x64
		{6338F879-8718-4075-BA41-D0EA9ECB757C}.Debug|x64.ActiveCfg = Debug|x64
		{6338F879-8718-4075-BA41-D0EA9ECB757C}.Debug|x64.Build.0 = Debug|x64
		{6338F879-8718-4075-BA41-D0EA9ECB757C}.Release|x64.ActiveCfg = Release|x64
		{6338F879-8718-4075-BA41-D0EA9ECB757C}.Release|x64.Build.0 = Release|x64
		{830C07E5-26A3-41DB-B0E5-5579EE7076E5}.Debug|x64.ActiveCfg = Debug|x64
		{830C07E5-26A3-41DB-B0E5-5579EE7076E5}.Debug|x64.Build.0 = Debug|x64
		{830C07E5-26A3-41DB-B0E5-5579EE7076E5}.Release|x64.ActiveCfg = Release|x64
		{830C07E5-26A3-41DB-B0E5-5579EE7076E5}.Release|x64.Build.0 = Release|x64
		{11C05966-54D1-4FE0-9B28-E148E244091F}.Debug|x64.ActiveCfg = Debug|x64
		{11C05966-54D1-4FE0-9B28-E148E244091F}.Debug|x64.Build.0 = Debug|x64
		{11C05966-54D1-4FE0-9B28-E148E244091F}.Release|x64.ActiveCfg = Release|x64
		{11C05966-54D1-4FE0-9B28-E148E244091F}.Release|x64.Build.0 = Release|x64
		{FEC3471F-19AE-4F28-ADF1-23BC55B19B54}.Debug|x64.ActiveCfg = Debug|x64
		{FEC3471F-19AE-4F28-ADF1-23BC55B19B54}.Debug|x64.Build.0 = Debug|x64
		{FEC3471F-19AE-4F28-ADF1-23BC55B19B54}.Release|x64.ActiveCfg = Release|x64
		{FEC3471F-19AE-4F28-ADF1-23BC55B19B54}.Release|x64.Build.0 = Release|x64
		{196CBF3C-D340-40D9-8910-57E94CEE85EB}.Debug|x64.ActiveCfg = Debug|x64
		{196CBF3C-D340-40D9-8910-57E94CEE85EB}.Debug|x64.Build.0 = Debug|x64
		{196CBF3C-D340-40D9-8910-57E94CEE85EB}.Release|x64.ActiveCfg = Release|x64
		{196CBF3C-D340-40D9-8910-57E94CEE85EB}.Release|x64.Build.0 = Release|x64
		{EF3D28CA-B3FE-4BB5-9344-1EB06C69709D}.Debug|x64.ActiveCfg = Debug|x64
		{EF3D28CA-B3FE-4BB5-9344-1EB06C69709D}.Debug|x64.Build.0 = Debug|x64
		{EF3D28CA-B3FE-4BB5-9344-1EB06C69709D}.Release|x64.ActiveCfg = Release|x64
		{EF3D28CA-B3FE-4BB5-9344-1EB06C69709D}.Release|x64.Build.0 = Release|x64
		{D1177C88-8217-4975-952B-3D347FAD5E6E}.Debug|x64.ActiveCfg = Debug|x64
		{D1177C88-8217-4975-952B-3D347FAD5E6E}.Debug|x64.Build.0 = Debug|x64
		{D1177C88-8217-4975-952B-3D347FAD5E6E}.Release|x64.ActiveCfg = Release|x64
		{D1177C88-8217-4975-952B-3D347FAD5E6E}.Release|x64.Build.0 = Release|x64
		{BB9A4BEC-BFD7-4A15-84BF-1C4AFF90728E}.Debug|x64.ActiveCfg = Debug|x64
		{BB9A4BEC-BFD7-4A15-84BF-1C4AFF90728E}.Debug|x64.Build.0 = Debug|x64
		{BB9A4BEC-BFD7-4A15-84BF-1C4AFF90728E}.Release|x64.ActiveCfg = Release|x64
		{BB9A4BEC-BFD7-4A15-84BF-1C4AFF90728E}.Release|x64.Build.0 = Release|x64
		{BF02C266-C147-40D2-BF7D-5B45BD5DB217}.Debug|x64.ActiveCfg = Debug|x64
		{BF02C266-C147-40D2-BF7D-5B45BD5DB217}.Debug|x64.Build.0 = Debug|x64
		{BF02C266-C147-40D2-BF7D-5B45BD5DB217}.Release|x64.ActiveCfg = Release|x64
		{BF02C266-C147-40D2-BF7D-5B45BD5DB217}.Release|x64.Build.0 = Release|x64
		{4FC434A7-B07C-46CE-A33E-6A9979AB8578}.Debug|x64.ActiveCfg = Debug|x64
		{4FC434A7-B07C-46CE-A33E-6A9979AB8578}.Debug|x64.Build.0 = Debug|x64
		{4FC434A7-B07C-46CE-A33E-6A9979AB8578}.Release|x64.ActiveCfg = Release|x64
		{4FC434A7-B07C-46CE-A33E-6A9979AB8578}.Release|x64.Build.0 = Release|x64
		{F494FC32-167C-4753-803E-593F4284B65A}.Debug|x64.ActiveCfg = Debug|x64
		{F494FC32-167C-4753-803E-593F4284B65A}.Debug|x64.Build.0 = Debug|x64
		{F494FC32-167C-4753-803E-593F4284B65A}.Release|x64.ActiveCfg = Release|x64
		{F494FC32-167C-4753-803E-593F4284B65A}.Release|x64.Build.0 = Release|x64
		{054B5D54-62CA-4E4A-88E8-A1652D9AD839}.Debug|x64.ActiveCfg = Debug|x64
		{054B5D54-62CA-4E4A-88E8-A1652D9AD839}.Debug|x64.Build.0 = Debug|x64
		{054B5D54-62CA-4E4A-88E8-A1652D9AD839}.Release|x64.ActiveCfg = Release|x64
		{054B5D54-62CA-4E4A-88E8-A1652D9AD839}.Release|x64.Build.0 = Release|x64
		{CA91D575-08D5-460C-A939-7BEC36F76D75}.Debug|x64.ActiveCfg = Debug|x64
		{CA91D575-08D5-460C-A939-7BEC36F76D75}.Debug|x64.Build.0 = Debug|x64
		{CA91D575-08D5-460C-A939-7BEC36F76D75}.Release|x64.ActiveCfg = Release|x64
		{CA91D575-08D5-460C-A939-7BEC36F76D75}.Release|x64.Build.0 = Release|x64
		{A313F7D1-231A-45A4-B1A5-7175453B9708}.Debug|x64.ActiveCfg = Debug|x64
		{A313F7D1-231A-45A4-B1A5-7175453B9708}.Debug|x64.Build.0 = Debug|x64
		{A313F7D1-231A-45A4-B1A5-7175453B9708}.Release|x64.ActiveCfg = Release|x64
		{A313F7D1-231A-45A4-B1A5-7175453B9708}.Release|x64.Build.0 = Release|x64
		{6FC66F2B-CC97-4698-9294-5A9E8CFF3442}.Debug|x64.ActiveCfg = Debug|x64
		{6FC66F2B-CC97-4698-9294-5A9E8CFF3442}.Debug|x64.Build.0 = Debug|x64
		{6FC66F2B-CC97-4698-9294-5A9E8CFF3442}.Release|x64.ActiveCfg = Release|x64
		{6FC66F2B-CC97-4698-9294-5A9E8CFF3442}.Release|x64.Build.0 = Release|x64
		{378BE59F-D143-4478-AEE3-4EDAA81B65E5}.Debug|x64.ActiveCfg = Debug|x64
		{378BE59F-D143-4478-AEE3-4EDAA81B65E5}.Debug|x64.Build.0 = Debug|x64
		{378BE59F-D143-4478-AEE3-4EDAA81B65E5}.Release|x64.ActiveCfg = Release|x64
		{378BE59F-D143-4478-AEE3-4EDAA81B65E5}.Release|x64.Build.0 = Release|x64
		{35FE2568-3C28-441F-BE54-5FDBEB940666}.Debug|x64.ActiveCfg = Debug|x64
		{35FE2568-3C28-441F-BE54-5FDBEB940666}.Debug|x64.Build.0 = Debug|x64
		{35FE2568-3C28-441F-BE54-5FDBEB940666}.Release|x64.ActiveCfg = Release|x64
		{35FE2568-3C28-441F-BE54-5FDBEB940666}.Release|x64.Build.0 = Release|x64
		{B0170E04-269E-49AA-99C2-342EA067CEF3}.Debug|x64.ActiveCfg = Debug|x64
		{B0170E04-269E-49AA-99C2-342EA067CEF3}.Debug|x64.Build.0 = Debug|x64
		{B0170E04-269E-49AA-99C2-342EA067CEF3}.Release|x64.ActiveCfg = Release|x64
		{B0170E04-269E-49AA-99C2-342EA067CEF3}.Release|x64.Build.0 = Release|x64
		{58987E68-352F-4DC0-A58D-35C04288F2AA}.Debug|x64.ActiveCfg = Debug|x64
		{58987E68-352F-4DC0-A58D-35C04288F2AA}.Debug|x64.Build.0 = Debug|x64
		{58987E68-352F-4DC0-A58D-35C04288F2AA}.Release|x64.ActiveCfg = Release|x64
		{58987E68-352F-4DC0-A58D-35C04288F2AA}.Release|x64.Build.0 = Release|x64
		{999A07E3-5534-4EA1-A97B-7E13113CE576}.Debug|x64.ActiveCfg = Debug|x64
		{999A07E3-5534-4EA1-A97B-7E13113CE576}.Debug|x64.Build.0 = Debug|x64
		{999A07E3-5534-4EA1-A97B-7E13113CE576}.Release|x64.ActiveCfg = Release|x64
		{999A07E3-5534-4EA1-A97B-7E13113CE576}.Release|x64.Build.0 = Release|x64
		{D9DF7003-3178-4994-B4F9-E3F7A7DC09DA}.Debug|x64.ActiveCfg = Debug|x64
		{D9DF7003-3178-4994-B4F9-E3F7A7DC09DA}.Debug|x64.Build.0 = Debug|x64
		{D9DF7003-3178-4994-B4F9-E3F7A7DC09DA}.Release|x64.ActiveCfg = Release|x64
		{D9DF7003-3178-4994-B4F9-E3F7A7DC09DA}.Release|x64.Build.0 = Release|x64
		{679C6A98-2EF5-4F97-9E3C-54FFE70EEB45}.Debug|x64.ActiveCfg = Debug|x64
		{679C6A98-2EF5-4F97-9E3C-54FFE70EEB45}.Debug|x64.Build.0 = Debug|x64
		{679C6A98-2EF5-4F97-9E3C-54FFE70EEB45}.Release|x64.ActiveCfg = Release|x64
		{679C6A98-2EF5-4F97-9E3C-54FFE70EEB45}.Release|x64.Build.0 = Release|x64
		{3E3C76C1-CD2F-4805-A127-C9CEF3E54EC9}.Debug|x64.ActiveCfg = Debug|x64
		{3E3C76C1-CD2F-4805-A127-C9CEF3E54EC9}.Debug|x64.Build.0 = Debug|x64
		{3E3C76C1-CD2F-4805-A127-C9CEF3E54EC9}.Release|x64.ActiveCfg = Release|x64
		{3E3C76C1-CD2F-4805-A127-C9CEF3E54EC9}.Release|x64.Build.0 = Release|x64
		{44DE3403-E410-43C7-836D-78B95D2513F3}.Debug|x64.ActiveCfg = Debug|x64
		{44DE3403-E410-43C7-836D-78B95D2513F3}.Debug|x64.Build.0 = Debug|x64
		{44DE3403-E410-43C7-836D-78B95D2513F3}.Release|x64.ActiveCfg = Release|x64
		{44DE3403-E410-43C7-836D-78B95D2513F3}.Release|x64.Build.0 = Release|x64
		{CDFB0C85-0586-4767-8BA8-864BF6F214F3}.Debug|x64.ActiveCfg = Debug|x64
		{CDFB0C85-0586-4767-8BA8-864BF6F214F3}.Debug|x64.Build.0 = Debug|x64
		{CDFB0C85-0586-4767-8BA8-864BF6F214F3}.Release|x64.ActiveCfg = Release|x64
		{CDFB0C85-0586-4767-8BA8-864BF6F214F3}.Release|x64.Build.0 = Release|x64
		{CB311EE4-A7C0-4B97-B81C-E1BD4DE58645}.Debug|x64.ActiveCfg = Debug|x64
		{CB311EE4-A7C0-4B97-B81C-E1BD4DE58645}.Debug|x64.Build.0 = Debug|x64
		{CB311EE4-A7C0-4B97-B81C-E1BD4DE58645}.Release|x64.ActiveCfg = Release|x64
		{CB311EE4-A7C0-4B97-B81C-E1BD4DE58645}.Release|x64.Build.0 = Release|x64
		{C17AF477-BDCD-4842-8C76-70E811F85C75}.Debug|x64.ActiveCfg = Debug|x64
		{C17AF477-BDCD-4842-8C76-70E811F85C75}.Debug|x64.Build.0 = Debug|x64
		{C17AF477-BDCD-4842-8C76-70E811F85C75}.Release|x64.ActiveCfg = Release|x64
		{C17AF477-BDCD-4842-8C76-70E811F85C75}.Release|x64.Build.0 = Release|x64
		{BF2E514A-2BF3-4BC0-A459-FD677E30E1BE}.Debug|x64.ActiveCfg = Debug|x64
		{BF2E514A-2BF3-4BC0-A459-FD677E30E1BE}.Debug|x64.Build.0 = Debug|x64
		{BF2E514A-2BF3-4BC0-A459-FD677E30E1BE}.Release|x64.ActiveCfg = Release|x64
		{BF2E514A-2BF3-4BC0-A459-FD677E30E1BE}.Release|x64.Build.0 = Release|x64
		{94D2EE57-3E9F-4209-9349-FD30E63A555A}.Debug|x64.ActiveCfg = Debug|x64
		{94D2EE57-3E9F-4209-9349-FD30E63A555A}.Debug|x64.Build.0 = Debug|x64
		{94D2EE57-3E9F-4209-9349-FD30E63A555A}.Release|x64.ActiveCfg = Release|x64
		{94D2EE57-3E9F-4209-9349-FD30E63A555A}.Release|x64.Build.0 = Release|x64
		{E9572640-8963-4FE3-93B8-BA38948B4557}.Debug|x64.ActiveCfg = Debug|x64
		{E9572640-8963-4FE3-93B8-BA38948B4557}.Debug|x64.Build.0 = Debug|x64
		{E9572640-8963-4FE3-93B8-BA38948B4557}.Release|x64.ActiveCfg = Release|x64
		{E9572640-8963-4FE3-93B8-BA38948B4557}.Release|x64.Build.0 = Release|x64
		{0802E502-2821-4646-9BEF-A63C1D5E4F4A}.Debug|x64.ActiveCfg = Debug|x64
		{0802E502-2821-4646-9BEF-A63C1D5E4F4A}.Debug|x64.Build.0 = Debug|x64
		{0802E502-2821-4646-9BEF-A63C1D5E4F4A}.Release|x64.ActiveCfg = Release|x64
		{0802E502-2821-4646-9BEF-A63C1D5E4F4A}.Release|x64.Build.0 = Release|x64
		{3D2B0ACF-46C7-4565-BB9B-7338191BE444}.Debug|x64.ActiveCfg = Debug|x64
		{3D2B0ACF-46C7-4565-BB9B-7338191BE444}.Debug|x64.Build.0 = Debug|x64
		{3D2B0ACF-46C7-4565-BB9B-7338191BE444}.Release|x64.ActiveCfg = Release|x64
		{3D2B0ACF-46C7-4565-BB9B-7338191BE444}.Release|x64.Build.0 = Release|x64
		{9CB3F54B-43CF-485F-B3A3-BE619B6DC325}.Debug|x64.ActiveCfg = Debug|x64
		{9CB3F54B-43CF-485F-B3A3-BE619B6DC325}.Debug|x64.Build.0 = Debug|x64
		{9CB3F54B-43CF-485F-B3A3-BE619B6DC325}.Release|x64.ActiveCfg = Release|x64
		{9CB3F54B-43CF-485F-B3A3-BE619B6DC325}.Release|x64.Build.0 = Release|x64
		{6F49C0ED-CE2C-4170-A83F-05EF3B6A5959}.Debug|x64.ActiveCfg = Debug|x64
		{6F49C0ED-CE2C-4170-A83F-05EF3B6A5959}.Debug|x64.Build.0 = Debug|x64
		{6F49C0ED-CE2C-4170-A83F-05EF3B6A5959}.Release|x64.ActiveCfg = Release|x64
		{6F49C0ED-CE2C-4170-A83F-05EF3B6A5959}.Release|x64.Build.0 = Release|x64
		{C0B5637F-061B-4959-9F6F-A20F2E8125A8}.Debug|x64.ActiveCfg = Debug|x64
		{C0B5637F-061B-4959-9F6F-A20F2E8125A8}.Debug|x64.Build.0 = Debug|x64
		{C0B5637F-061B-4959-9F6F-A20F2E8125A8}.Release|x64.ActiveCfg = Release|x64
		{C0B5637F-061B-4959-9F6F-A20F2E8125A8}.Release|x64.Build.0 = Release|x64
		{A9232E7F-74D9-4582-AEBB-53EF740193B4}.Debug|x64.ActiveCfg = Debug|x64
		{A9232E7F-74D9-4582-AEBB-53EF740193B4}.Debug|x64.Build.0 = Debug|x64
		{A9232E7F-74D9-4582-AEBB-53EF740193B4}.Release|x64.ActiveCfg = Release|x64
		{A9232E7F-74D9-4582-AEBB-53EF740193B4}.Release|x64.Build.0 = Release|x64
		{DF776B6C-7303-4F1A-9F24-7ADF86158AE0}.Debug|x64.ActiveCfg = Debug|x64
		{DF776B6C-7303-4F1A-9F24-7ADF86158AE0}.Debug|x64.Build.0 = Debug|x64
		{DF776B6C-7303-4F1A-9F24-7ADF86158AE0}.Release|x64.ActiveCfg = Release|x64
		{DF776B6C-7303-4F1A-9F24-7ADF86158AE0}.Release|x64.Build.0 = Release|x64
		{632DA4CB-1965-4F6C-AC51-9D46BB2D1EF1}.Debug|x64.ActiveCfg = Debug|x64
		{632DA4CB-1965-4F6C-AC51-9D46BB2D1EF1}.Debug|x64.Build.0 = Debug|x64
		{632DA4CB-1965-4F6C-AC51-9D46BB2D1EF1}.Release|x64.ActiveCfg = Release|x64
		{632DA4CB-1965-4F6C-AC51-9D46BB2D1EF1}.Release|x64.Build.0 = Release|x64
		{148D06F6-BC3F-4C99-A1DB-AC92EF42952A}.Debug|x64.ActiveCfg = Debug|x64
		{148D06F6-BC3F-4C99-A1DB-AC92EF42952A}.Debug|x64.Build.0 = Debug|x64
		{148D06F6-BC3F-4C99-A1DB-AC92EF42952A}.Release|x64.ActiveCfg = Release|x64
		{148D06F6-BC3F-4C99-A1DB-AC92EF42952A}.Release|x64.Build.0 = Release|x64
		{59F3D276-1364-4257-A63D-ED6A58620C19}.Debug|x64.ActiveCfg = Debug|x64
		{59F3D276-1364-4257-A63D-ED6A58620C19}.Debug|x64.Build.0 = Debug|x64
		{59F3D276-1364-4257-A63D-ED6A58620C19}.Release|x64.ActiveCfg = Release|x64
		{59F3D276-1364-4257-A63D-ED6A58620C19}.Release|x64.Build.0 = Release|x64
		{625F3230-423E-46C1-A6DB-7B52C98E0887}.Debug|x64.ActiveCfg = Debug|x64
		{625F3230-423E-46C1-A6DB-7B52C98E0887}.Debug|x64.Build.0 = Debug|x64
		{625F3230-423E-46C1-A6DB-7B52C98E0887}.Release|x64.ActiveCfg = Release|x64
		{625F3230-423E-46C1-A6DB-7B52C98E0887}.Release|x64.Build.0 = Release|x64
		{C6DF8B5B-7F49-4528-BD3B-1761B28CCC01}.Debug|x64.ActiveCfg = Debug|x64
		{C6DF8B5B-7F49-4528-BD3B-1761B28CCC01}.Debug|x64.Build.0 = Debug|x64
		{C6DF8B5B-7F49-4528-BD3B-1761B28CCC01}.Release|x64.ActiveCfg = Release|x64
		{C6DF8B5B-7F49-4528-BD3B-1761B28CCC01}.Release|x64.Build.0 = Release|x64
		{F79EC93D-7375-42EA-9451-D06EB9EAB249}.Debug|x64.ActiveCfg = Debug|x64
		{F79EC93D-7375-42EA-9451-D06EB9EAB249}.Debug|x64.Build.0 = Debug|x64
		{F79EC93D-7375-42EA-9451-D06EB9EAB249}.Release|x64.ActiveCfg = Release|x64
		{F79EC93D-7375-42EA-9451-D06EB9EAB249}.Release|x64.Build.0 = Release|x64
		{B1F25F14-4475-4785-ABF2-EDEC747F7721}.Debug|x64.ActiveCfg = Debug|x64
		{B1F25F14-4475-4785-ABF2-EDEC747F7721}.Debug|x64.Build.0 = Debug|x64
		{B1F25F14-4475-4785-ABF2-EDEC747F7721}.Release|x64.ActiveCfg = Release|x64
		{B1F25F14-4475-4785-ABF2-EDEC747F7721}.Release|x64.Build.0 = Release|x64
		{FAE27490-E982-4A00-98FC-CE9243B2C3D9}.Debug|x64.ActiveCfg = Debug|x64
		{FAE27490-E982-4A00-98FC-CE9243B2C3D9}.Debug|x64.Build.0 = Debug|x64
		{FAE27490-E982-4A00-98FC-CE9243B2C3D9}.Release|x64.ActiveCfg = Release|x64
		{FAE27490-E982-4A00-98FC-CE9243B2C3D9}.Release|x64.Build.0 = Release|x64
		{9164FB73-D4D4-4104-A14C-D0400A289B28}.Debug|x64.ActiveCfg = Debug|x64
		{9164FB73-D4D4-4104-A14C-D0400A289B28}.Debug|x64.Build.0 = Debug|x64
		{9164FB73-D4D4-4104-A14C-D0400A289B28}.Release|x64.ActiveCfg = Release|x64
		{9164FB73-D4D4-4104-A14C-D0400A289B28}.Release|x64.Build.0 = Release|x64
		{B692DC60-7C09-4F62-B31D-F413A5D310A6}.Debug|x64.ActiveCfg = Debug|x64
		{B692DC60-7C09-4F62-B31D-F413A5D310A6}.Debug|x64.Build.0 = Debug|x64
		{B692DC60-7C09-4F62-B31D-F413A5D310A6}.Release|x64.ActiveCfg = Release|x64
		{B692DC60-7C09-4F62-B31D-F413A5D310A6}.Release|x64.Build.0 = Release|x64
		{4275F91E-8797-4C25-B002-980EA6FE5CC7}.Debug|x64.ActiveCfg = Debug|x64
		{4275F91E-8797-4C25-B002-980EA6FE5CC7}.Debug|x64.Build.0 = Debug|x64
		{4275F91E-8797-4C25-B002-980EA6FE5CC7}.Release|x64.ActiveCfg = Release|x64
		{4275F91E-8797-4C25-B002-980EA6FE5CC7}.Release|x64.Build.0 = Release|x64
		{A1D25EBD-0701-4943-8BAD-1F83EB005B32}.Debug|x64.ActiveCfg = Debug|x64
		{A1D25EBD-0701-4943-8BAD-1F83EB005B32}.Debug|x64.Build.0 = Debug|x64
		{A1D25EBD-0701-4943-8BAD-1F83EB005B32}.Release|x64.ActiveCfg = Release|x64
		{A1D25EBD-0701-4943-8BAD-1F83EB005B32}.Release|x64.Build.0 = Release|x64
		{7EE47A38-8A4A-45B7-AEB6-0BEDFCAA6FB1}.Debug|x64.ActiveCfg = Debug|x64
		{7EE47A38-8A4A-45B7-AEB6-0BEDFCAA6FB1}.Debug|x64.Build.0 = Debug|x64
		{7EE47A38-8A4A-45B7-AEB6-0BEDFCAA6FB1}.Release|x64.ActiveCfg = Release|x64
		{7EE47A38-8A4A-45B7-AEB6-0BEDFCAA6FB1}.Release|x64.Build.0 = Release|x64
		{2DAD163C-F17E-4EC2-B0DD-3B2AC2323F7E}.Debug|x64.ActiveCfg = Debug|x64
		{2DAD163C-F17E-4EC2-B0DD-3B2AC2323F7E}.Debug|x64.Build.0 = Debug|x64
		{2DAD163C-F17E-4EC2-B0DD-3B2AC2323F7E}.Release|x64.ActiveCfg = Release|x64
		{2DAD163C-F17E-4EC2-B0DD-3B2AC2323F7E}.Release|x64.Build.0 = Release|x64
		{4A258496-84A3-4717-A4DB-20F3286A6FEC}.Debug|x64.ActiveCfg = Debug|x64
		{4A258496-84A3-4717-A4DB-20F3286A6FEC}.Debug|x64.Build.0 = Debug|x64
		{4A258496-84A3-4717-A4DB-20F3286A6FEC}.Release|x64.ActiveCfg = Release|x64
		{4A258496-84A3-4717-A4DB-20F3286A6FEC}.Release|x64.Build.0 = Release|x64
		{9FF5F451-6641-40BA-BF12-294E63BBD899}.Debug|x64.ActiveCfg = Debug|x64
		{9FF5F451-6641-40BA-BF12-294E63BBD899}.Debug|x64.Build.0 = Debug|x64
		{9FF5F451-6641-40BA-BF12-294E63BBD899}.Release|x64.ActiveCfg = Release|x64
		{9FF5F451-6641-40BA-BF12-294E63BBD899}.Release|x64.Build.0 = Release|x64
		{0D78BC20-6D03-4655-8349-98E832E0B920}.Debug|x64.ActiveCfg = Debug|x64
		{0D78BC20-6D03-4655-8349-98E832E0B920}.Debug|x64.Build.0 = Debug|x64
		{0D78BC20-6D03-4655-8349-98E832E0B920}.Release|x64.ActiveCfg = Release|x64
		{0D78BC20-6D03-4655-8349-98E832E0B920}.Release|x64.Build.0 = Release|x64
		{D24D3366-821C-4BB7-BF5B-922396FADA41}.Debug|x64.ActiveCfg = Debug|x64
		{D24D3366-821C-4BB7-BF5B-922396FADA41}.Debug|x64.Build.0 = Debug|x64
		{D24D3366-821C-4BB7-BF5B-922396FADA41}.Release|x64.ActiveCfg = Release|x64
		{D24D3366-821C-4BB7-BF5B-922396FADA41}.Release|x64.Build.0 = Release|x64
		{B4D40393-B57A-4A58-B1B0-19AF77D3E54A}.Debug|x64.ActiveCfg = Debug|x64
		{B4D40393-B57A-4A58-B1B0-19AF77D3E54A}.Debug|x64.Build.0 = Debug|x64
		{B4D40393-B57A-4A58-B1B0-19AF77D3E54A}.Release|x64.ActiveCfg = Release|x64
		{B4D40393-B57A-4A58-B1B0-19AF77D3E54A}.Release|x64.Build.0 = Release|x64
		{5C438436-E2CC-4C90-8384-EE7879F2AD1A}.Debug|x64.ActiveCfg = Debug|x64
		{5C438436-E2CC-4C90-8384-EE7879F2AD1A}.Debug|x64.Build.0 = Debug|x64
		{5C438436-E2CC-4C90-8384-EE7879F2AD1A}.Release|x64.ActiveCfg = Release|x64
		{5C438436-E2CC-4C90-8384-EE7879F2AD1A}.Release|x64.Build.0 = Release|x64
		{2B4FB562-6350-4490-954D-2C376C6F3144}.Debug|x64.ActiveCfg = Debug|x64
		{2B4FB562-6350-4490-954D-2C376C6F3144}.Debug|x64.Build.0 = Debug|x64
		{2B4FB562-6350-4490-954D-2C376C6F3144}.Release|x64.ActiveCfg = Release|x64
		{2B4FB562-6350-4490-954D-2C376C6F3144}.Release|x64.Build.0 = Release|x64
		{5AECDA3C-E1CB-42CD-AF26-055E25EEF435}.Debug|x64.ActiveCfg = Debug|x64
		{5AECDA3C-E1CB-42CD-AF26-055E25EEF435}.Debug|x64.Build.0 = Debug|x64
		{5AECDA3C-E1CB-42CD-AF26-055E25EEF435}.Release|x64.ActiveCfg = Release|x64
		{5AECDA3C-E1CB-42CD-AF26-055E25EEF435}.Release|x64.Build.0 = Release|x64
		{9AF340D8-A82A-4645-86D3-066668C7E615}.Debug|x64.ActiveCfg = Debug|x64
		{9AF340D8-A82A-4645-86D3-066668C7E615}.Debug|x64.Build.0 = Debug|x64
		{9AF340D8-A82A-4645-86D3-066668C7E615}.Release|x64.ActiveCfg = Release|x64
		{9AF340D8-A82A-4645-86D3-066668C7E615}.Release|x64.Build.0 = Release|x64
		{9B972D43-C477-47FE-A371-C66E0C8A9D28}.Debug|x64.ActiveCfg = Debug|x64
		{9B972D43-C477-47FE-A371-C66E0C8A9D28}.Debug|x64.Build.0 = Debug|x64
		{9B972D43-C477-47FE-A371-C66E0C8A9D28}.Release|x64.ActiveCfg = Release|x64
		{9B972D43-C477-47FE-A371-C66E0C8A9D28}.Release|x64.Build.0 = Release|x64
		{14F02220-4B44-4913-89B2-EF3D2BC58B30}.Debug|x64.ActiveCfg = Debug|x64
		{14F02220-4B44-4913-89B2-EF3D2BC58B30}.Debug|x64.Build.0 = Debug|x64
		{14F02220-4B44-4913-89B2-EF3D2BC58B30}.Release|x64.ActiveCfg = Release|x64
		{14F02220-4B44-4913-89B2-EF3D2BC58B30}.Release|x64.Build.0 = Release|x64
		{EDE5AE0C-EB09-4F00-87BB-02F39664FA3C}.Debug|x64.ActiveCfg = Debug|x64
		{EDE5AE0C-EB09-4F00-87BB-02F39664FA3C}.Debug|x64.Build.0 = Debug|x64
		{EDE5AE0C-EB09-4F00-87BB-02F39664FA3C}.Release|x64.ActiveCfg = Release|x64
		{EDE5AE0C-EB09-4F00-87BB-02F39664FA3C}.Release|x64.Build.0 = Release|x64
		{4D642D1E-7978-45A1-B020-242315A84555}.Debug|x64.ActiveCfg = Debug|x64
		{4D642D1E-7978-45A1-B020-242315A84555}.Debug|x64.Build.0 = Debug|x64
		{4D642D1E-7978-45A1-B020-242315A84555}.Release|x64.ActiveCfg = Release|x64
		{4D642D1E-7978-45A1-B020-242315A84555}.Release|x64.Build.0 = Release|x64
		{85B92B8B-92F5-407E-87C4-E526234FA9B0}.Debug|x64.ActiveCfg = Debug|x64
		{85B92B8B-92F5-407E-87C4-E526234FA9B0}.Debug|x64.Build.0 = Debug|x64
		{85B92B8B-92F5-407E-87C4-E526234FA9B0}.Release|x64.ActiveCfg = Release|x64
		{85B92B8B-92F5-407E-87C4-E526234FA9B0}.Release|x64.Build.0 = Release|x64
		{EA96482C-AA22-4C93-8525-2F9F2CA71C3A}.Debug|x64.ActiveCfg = Debug|x64
		{EA96482C-AA22-4C93-8525-2F9F2CA71C3A}.Debug|x64.Build.0 = Debug|x64
		{EA96482C-AA22-4C93-8525-2F9F2CA71C3A}.Release|x64.ActiveCfg = Release|x64
		{EA96482C-AA22-4C93-8525-2F9F2CA71C3A}.Release|x64.Build.0 = Release|x64
		{563FC06C-6845-4C08-9F1A-5A2248580BAE}.Debug|x64.ActiveCfg = Debug|x64
		{563FC06C-6845-4C08-9F1A-5A2248580BAE}.Debug|x64.Build.0 = Debug|x64
		{563FC06C-6845-4C08-9F1A-5A2248580BAE}.Release|x64.ActiveCfg = Release|x64
		{563FC06C-6845-4C08-9F1A-5A2248580BAE}.Release|x64.Build.0 = Release|x64
		{8DA28A79-432F-47DE-9BD0-26685C666BDB}.Debug|x64.ActiveCfg = Debug|x64
		{8DA28A79-432F-47DE-9BD0-26685C666BDB}.Debug|x64.Build.0 = Debug|x64
		{8DA28A79-432F-47DE-9BD0-26685C666BDB}.Release|x64.ActiveCfg = Release|x64
		{8DA28A79-432F-47DE-9BD0-26685C666BDB}.Release|x64.Build.0 = Release|x64
		{98FBEED3-F966-43B2-BE35-259747B55ED5}.Debug|x64.ActiveCfg = Debug|x64
		{98FBEED3-F966-43B2-BE35-259747B55ED5}.Debug|x64.Build.0 = Debug|x64
		{98FBEED3-F966-43B2-BE35-259747B55ED5}.Release|x64.ActiveCfg = Release|x64
		{98FBEED3-F966-43B2-BE35-259747B55ED5}.Release|x64.Build.0 = Release|x64
		{6252FAF1-5652-47B7-9193-BF7FA1241D54}.Debug|x64.ActiveCfg = Debug|x64
		{6252FAF1-5652-47B7-9193-BF7FA1241D54}.Debug|x64.Build.0 = Debug|x64
		{6252FAF1-5652-47B7-9193-BF7FA1241D54}.Release|x64.ActiveCfg = Release|x64
		{6252FAF1-5652-47B7-9193-BF7FA1241D54}.Release|x64.Build.0 = Release|x64
		{299D6175-442B-4F84-BBCF-9E5D256A0569}.Debug|x64.ActiveCfg = Debug|x64
		{299D6175-442B-4F84-BBCF-9E5D256A0569}.Debug|x64.Build.0 = Debug|x64
		{299D6175-442B-4F84-BBCF-9E5D256A0569}.Release|x64.ActiveCfg = Release|x64
		{299D6175-442B-4F84-BBCF-9E5D256A0569}.Release|x64.Build.0 = Release|x64
		{EE96DB09-D02E-4090-9ABD-651ED0EAF23F}.Debug|x64.ActiveCfg = Debug|x64
		{EE96DB09-D02E-4090-9ABD-651ED0EAF23F}.Debug|x64.Build.0 = Debug|x64
		{EE96DB09-D02E-4090-9ABD-651ED0EAF23F}.Release|x64.ActiveCfg = Release|x64
		{EE96DB09-D02E-4090-9ABD-651ED0EAF23F}.Release|x64.Build.0 = Release|x64
		{8091C41E-CB98-4F1D-947D-12FC3D962FF5}.Debug|x64.ActiveCfg = Debug|x64
		{8091C41E-CB98-4F1D-947D-12FC3D962FF5}.Debug|x64.Build.0 = Debug|x64
		{8091C41E-CB98-4F1D-947D-12FC3D962FF5}.Release|x64.ActiveCfg = Release|x64
		{8091C41E-CB98-4F1D-947D-12FC3D962FF5}.Release|x64.Build.0 = Release|x64
		{41E3AD0C-E87E-4CFB-BE30-37A366D8E900}.Debug|x64.ActiveCfg = Debug|x64
		{41E3AD0C-E87E-4CFB-BE30-37A366D8E900}.Debug|x64.Build.0 = Debug|x64
		{41E3AD0C-E87E-4CFB-BE30-37A366D8E900}.Release|x64.ActiveCfg = Release|x64
		{41E3AD0C-E87E-4CFB-BE30-37A366D8E900}.Release|x64.Build.0 = Release|x64
		{6F571F1A-F11D-449A-8EC4-867747D63D86}.Debug|x64.ActiveCfg = Debug|x64
		{6F571F1A-F11D-449A-8EC4-867747D63D86}.Debug|x64.Build.0 = Debug|x64
		{6F571F1A-F11D-449A-8EC4-867747D63D86}.Release|x64.ActiveCfg = Release|x64
		{6F571F1A-F11D-449A-8EC4-867747D63D86}.Release|x64.Build.0 = Release|x64
		{D68262CF-3DEC-4990-9250-F892657F8913}.Debug|x64.ActiveCfg = Debug|x64
		{D68262CF-3DEC-4990-9250-F892657F8913}.Debug|x64.Build.0 = Debug|x64
		{D68262CF-3DEC-4990-9250-F892657F8913}.Release|x64.ActiveCfg = Release|x64
		{D68262CF-3DEC-4990-9250-F892657F8913}.Release|x64.Build.0 = Release|x64
		{92062F1F-A856-44E6-9D87-D1787052C4FA}.Debug|x64.ActiveCfg = Debug|x64
		{92062F1F-A856-44E6-9D87-D1787052C4FA}.Debug|x64.Build.0 = Debug|x64
		{92062F1F-A856-44E6-9D87-D1787052C4FA}.Release|x64.ActiveCfg = Release|x64
		{92062F1F-A856-44E6-9D87-D1787052C4FA}.Release|x64.Build.0 = Release|x64
		{E5C32DD9-15EC-47C2-9387-D68567E890C9}.Debug|x64.ActiveCfg = Debug|x64
		{E5C32DD9-15EC-47C2-9387-D68567E890C9}.Debug|x64.Build.0 = Debug|x64
		{E5C32DD9-15EC-47C2-9387-D68567E890C9}.Release|x64.ActiveCfg = Release|x64
		{E5C32DD9-15EC-47C2-9387-D68567E890C9}.Release|x64.Build.0 = Release|x64
		{9A7B1E7C-6D4C-409E-95D9-B0CF693114A4}.Debug|x64.ActiveCfg = Debug|x64
		{9A7B1E7C-6D4C-409E-95D9-B0CF693114A4}.Debug|x64.Build.0 = Debug|x64
		{9A7B1E7C-6D4C-409E-95D9-B0CF693114A4}.Release|x64.ActiveCfg = Release|x64
		{9A7B1E7C-6D4C-409E-95D9-B0CF693114A4}.Release|x64.Build.0 = Release|x64
		{8BFF567A-3947-4B85-A1F6-069B9B570D19}.Debug|x64.ActiveCfg = Debug|x64
		{8BFF567A-3947-4B85-A1F6-069B9B570D19}.Debug|x64.Build.0 = Debug|x64
		{8BFF567A-3947-4B85-A1F6-069B9B570D19}.Release|x64.ActiveCfg = Release|x64
		{8BFF567A-3947-4B85-A1F6-069B9B570D19}.Release|x64.Build.0 = Release|x64
		{980CAFBF-20B8-4BCD-BFB0-8EADB68B3BF7}.Debug|x64.ActiveCfg = Debug|x64
		{980CAFBF-20B8-4BCD-BFB0-8EADB68B3BF7}.Debug|x64.Build.0 = Debug|x64
		{980CAFBF-20B8-4BCD-BFB0-8EADB68B3BF7}.Release|x64.ActiveCfg = Release|x64
		{980CAFBF-20B8-4BCD-BFB0-8EADB68B3BF7}.Release|x64.Build.0 = Release|x64
		{1A7B23AF-1022-4D66-ABDF-1486F0D72C99}.Debug|x64.ActiveCfg = Debug|x64
		{1A7B23AF-1022-4D66-ABDF-1486F0D72C99}.Debug|x64.Build.0 = Debug|x64
		{1A7B23AF-1022-4D66-ABDF-1486F0D72C99}.Release|x64.ActiveCfg = Release|x64
		{1A7B23AF-1022-4D66-ABDF-1486F0D72C99}.Release|x64.Build.0 = Release|x64
		{7958A750-C190-41AA-9A91-BAE4065CE47B}.Debug|x64.ActiveCfg = Debug|x64
		{7958A750-C190-41AA-9A91-BAE4065CE47B}.Debug|x64.Build.0 = Debug|x64
		{7958A750-C190-41AA-9A91-BAE4065CE47B}.Release|x64.ActiveCfg = Release|x64
		{7958A750-C190-41AA-9A91-BAE4065CE47B}.Release|x64.Build.0 = Release|x64
		{ED1828E2-092C-43D8-A2D8-83CF053DDB46}.Debug|x64.ActiveCfg = Debug|x64
		{ED1828E2-092C-43D8-A2D8-83CF053DDB46}.Debug|x64.Build.0 = Debug|x64
		{ED1828E2-092C-43D8-A2D8-83CF053DDB46}.Release|x64.ActiveCfg = Release|x64
		{ED1828E2-092C-43D8-A2D8-83CF053DDB46}.Release|x64.Build.0 = Release|x64
		{0CBA7CA4-333C-4298-A8DA-550765493436}.Debug|x64.ActiveCfg = Debug|x64
		{0CBA7CA4-333C-4298-A8DA-550765493436}.Debug|x64.Build.0 = Debug|x64
		{0CBA7CA4-333C-4298-A8DA-550765493436}.Release|x64.ActiveCfg = Release|x64
		{0CBA7CA4-333C-4298-A8DA-550765493436}.Release|x64.Build.0 = Release|x64
		{53FD27E7-B7BC-42E5-9A26-9FF7080C6D07}.Debug|x64.ActiveCfg = Debug|x64
		{53FD27E7-B7BC-42E5-9A26-9FF7080C6D07}.Debug|x64.Build.0 = Debug|x64
		{53FD27E7-B7BC-42E5-9A26-9FF7080C6D07}.Release|x64.ActiveCfg = Release|x64
		{53FD27E7-B7BC-42E5-9A26-9FF7080C6D07}.Release|x64.Build.0 = Release|x64
		{AFB38C8D-D4A4-413B-84BD-873A60F70419}.Debug|x64.ActiveCfg = Debug|x64
		{AFB38C8D-D4A4-413B-84BD-873A60F70419}.Debug|x64.Build.0 = Debug|x64
		{AFB38C8D-D4A4-413B-84BD-873A60F70419}.Release|x64.ActiveCfg = Release|x64
		{AFB38C8D-D4A4-413B-84BD-873A60F70419}.Release|x64.Build.0 = Release|x64
		{A5BA58ED-5121-4851-88F5-A8F0CDC8D3B7}.Debug|x64.ActiveCfg = Debug|x64
		{A5BA58ED-5121-4851-88F5-A8F0CDC8D3B7}.Debug|x64.Build.0 = Debug|x64
		{A5BA58ED-5121-4851-88F5-A8F0CDC8D3B7}.Release|x64.ActiveCfg = Release|x64
		{A5BA58ED-5121-4851-88F5-A8F0CDC8D3B7}.Release|x64.Build.0 = Release|x64
	EndGlobalSection
	GlobalSection(SolutionProperties) = preSolution
		HideSolutionNode = FALSE
	EndGlobalSection
	GlobalSection(NestedProjects) = preSolution
		{430538D8-BFB2-460D-B19C-72BCD41FFF9A} = {CF2ADAEB-7791-4E80-A44A-31416C908624}
		{069695E4-4F7B-4AFB-8682-EBB204FE8246} = {CF2ADAEB-7791-4E80-A44A-31416C908624}
		{4B6A4A33-FC92-438B-BA60-37A6DC512CFF} = {CF2ADAEB-7791-4E80-A44A-31416C908624}
		{4CD4C46C-D8C9-4A55-865E-F59C05115434} = {CF2ADAEB-7791-4E80-A44A-31416C908624}
		{BFFA0E91-584F-44A3-825D-06C3F62B2928} = {CF2ADAEB-7791-4E80-A44A-31416C908624}
		{0784759C-4690-4532-A9C2-3BF9D2691DF3} = {CF2ADAEB-7791-4E80-A44A-31416C908624}
		{7D8D0F4E-D8E3-44EC-8202-DF34BA656D8D} = {CF2ADAEB-7791-4E80-A44A-31416C908624}
		{3ACF4779-EDF5-47B9-AE83-92E69E39D6F9} = {CF2ADAEB-7791-4E80-A44A-31416C908624}
		{B675F829-880C-4DDC-B0F4-D07B6F4368D9} = {CF2ADAEB-7791-4E80-A44A-31416C908624}
		{13C94B6D-5120-4968-AB46-B01A577C05FB} = {CF2ADAEB-7791-4E80-A44A-31416C908624}
		{00A61FBE-4442-4941-B5B7-D61830870733} = {CF2ADAEB-7791-4E80-A44A-31416C908624}
		{08B09D63-C260-422C-A527-DBE71AA37543} = {CF2ADAEB-7791-4E80-A44A-31416C908624}
		{F94C296A-EAD5-4A60-A256-D8A709AA8561} = {CF2ADAEB-7791-4E80-A44A-31416C908624}
		{FC257C78-C924-4263-8945-038888615BF5} = {CF2ADAEB-7791-4E80-A44A-31416C908624}
		{306DCD5B-9362-402A-8CC6-8DA6F7DDD8EB} = {CF2ADAEB-7791-4E80-A44A-31416C908624}
		{B87153D6-6E19-436A-9552-85691642FB46} = {CF2ADAEB-7791-4E80-A44A-31416C908624}
		{7A3F5AFF-191C-4CD2-A06F-FA32620B1E98} = {CF2ADAEB-7791-4E80-A44A-31416C908624}
		{DBA7C07B-BF92-4F6C-B29C-8308F132461E} = {CF2ADAEB-7791-4E80-A44A-31416C908624}
		{6B42320C-BEF9-436B-8906-3B3102961C7D} = {CF2ADAEB-7791-4E80-A44A-31416C908624}
		{94640CA9-8368-4E98-9AC8-015675ED84ED} = {CF2ADAEB-7791-4E80-A44A-31416C908624}
		{4D89FEB9-6EB1-4424-9D10-56D9F28798CC} = {CF2ADAEB-7791-4E80-A44A-31416C908624}
		{6338F879-8718-4075-BA41-D0EA9ECB757C} = {D89EF006-BDA9-4C4F-8DCB-300EC1D34D3E}
		{830C07E5-26A3-41DB-B0E5-5579EE7076E5} = {D89EF006-BDA9-4C4F-8DCB-300EC1D34D3E}
		{11C05966-54D1-4FE0-9B28-E148E244091F} = {D89EF006-BDA9-4C4F-8DCB-300EC1D34D3E}
		{FEC3471F-19AE-4F28-ADF1-23BC55B19B54} = {D89EF006-BDA9-4C4F-8DCB-300EC1D34D3E}
		{196CBF3C-D340-40D9-8910-57E94CEE85EB} = {D89EF006-BDA9-4C4F-8DCB-300EC1D34D3E}
		{EF3D28CA-B3FE-4BB5-9344-1EB06C69709D} = {D89EF006-BDA9-4C4F-8DCB-300EC1D34D3E}
		{D1177C88-8217-4975-952B-3D347FAD5E6E} = {D89EF006-BDA9-4C4F-8DCB-300EC1D34D3E}
		{BB9A4BEC-BFD7-4A15-84BF-1C4AFF90728E} = {D89EF006-BDA9-4C4F-8DCB-300EC1D34D3E}
		{BF02C266-C147-40D2-BF7D-5B45BD5DB217} = {D89EF006-BDA9-4C4F-8DCB-300EC1D34D3E}
		{4FC434A7-B07C-46CE-A33E-6A9979AB8578} = {D89EF006-BDA9-4C4F-8DCB-300EC1D34D3E}
		{F494FC32-167C-4753-803E-593F4284B65A} = {D89EF006-BDA9-4C4F-8DCB-300EC1D34D3E}
		{054B5D54-62CA-4E4A-88E8-A1652D9AD839} = {D89EF006-BDA9-4C4F-8DCB-300EC1D34D3E}
		{CA91D575-08D5-460C-A939-7BEC36F76D75} = {D89EF006-BDA9-4C4F-8DCB-300EC1D34D3E}
		{A313F7D1-231A-45A4-B1A5-7175453B9708} = {D89EF006-BDA9-4C4F-8DCB-300EC1D34D3E}
		{6FC66F2B-CC97-4698-9294-5A9E8CFF3442} = {D89EF006-BDA9-4C4F-8DCB-300EC1D34D3E}
		{378BE59F-D143-4478-AEE3-4EDAA81B65E5} = {D89EF006-BDA9-4C4F-8DCB-300EC1D34D3E}
		{35FE2568-3C28-441F-BE54-5FDBEB940666} = {D89EF006-BDA9-4C4F-8DCB-300EC1D34D3E}
		{B0170E04-269E-49AA-99C2-342EA067CEF3} = {D89EF006-BDA9-4C4F-8DCB-300EC1D34D3E}
		{58987E68-352F-4DC0-A58D-35C04288F2AA} = {D89EF006-BDA9-4C4F-8DCB-300EC1D34D3E}
		{999A07E3-5534-4EA1-A97B-7E13113CE576} = {D89EF006-BDA9-4C4F-8DCB-300EC1D34D3E}
		{D9DF7003-3178-4994-B4F9-E3F7A7DC09DA} = {D89EF006-BDA9-4C4F-8DCB-300EC1D34D3E}
		{679C6A98-2EF5-4F97-9E3C-54FFE70EEB45} = {D89EF006-BDA9-4C4F-8DCB-300EC1D34D3E}
		{3E3C76C1-CD2F-4805-A127-C9CEF3E54EC9} = {D89EF006-BDA9-4C4F-8DCB-300EC1D34D3E}
		{44DE3403-E410-43C7-836D-78B95D2513F3} = {D89EF006-BDA9-4C4F-8DCB-300EC1D34D3E}
		{CDFB0C85-0586-4767-8BA8-864BF6F214F3} = {D89EF006-BDA9-4C4F-8DCB-300EC1D34D3E}
		{CB311EE4-A7C0-4B97-B81C-E1BD4DE58645} = {D89EF006-BDA9-4C4F-8DCB-300EC1D34D3E}
		{C17AF477-BDCD-4842-8C76-70E811F85C75} = {D89EF006-BDA9-4C4F-8DCB-300EC1D34D3E}
		{BF2E514A-2BF3-4BC0-A459-FD677E30E1BE} = {D89EF006-BDA9-4C4F-8DCB-300EC1D34D3E}
		{94D2EE57-3E9F-4209-9349-FD30E63A555A} = {D89EF006-BDA9-4C4F-8DCB-300EC1D34D3E}
		{E9572640-8963-4FE3-93B8-BA38948B4557} = {D89EF006-BDA9-4C4F-8DCB-300EC1D34D3E}
		{0802E502-2821-4646-9BEF-A63C1D5E4F4A} = {D89EF006-BDA9-4C4F-8DCB-300EC1D34D3E}
		{3D2B0ACF-46C7-4565-BB9B-7338191BE444} = {D89EF006-BDA9-4C4F-8DCB-300EC1D34D3E}
		{9CB3F54B-43CF-485F-B3A3-BE619B6DC325} = {D89EF006-BDA9-4C4F-8DCB-300EC1D34D3E}
		{6F49C0ED-CE2C-4170-A83F-05EF3B6A5959} = {D89EF006-BDA9-4C4F-8DCB-300EC1D34D3E}
		{C0B5637F-061B-4959-9F6F-A20F2E8125A8} = {D89EF006-BDA9-4C4F-8DCB-300EC1D34D3E}
		{A9232E7F-74D9-4582-AEBB-53EF740193B4} = {D89EF006-BDA9-4C4F-8DCB-300EC1D34D3E}
		{DF776B6C-7303-4F1A-9F24-7ADF86158AE0} = {D89EF006-BDA9-4C4F-8DCB-300EC1D34D3E}
		{632DA4CB-1965-4F6C-AC51-9D46BB2D1EF1} = {D89EF006-BDA9-4C4F-8DCB-300EC1D34D3E}
		{148D06F6-BC3F-4C99-A1DB-AC92EF42952A} = {D89EF006-BDA9-4C4F-8DCB-300EC1D34D3E}
		{59F3D276-1364-4257-A63D-ED6A58620C19} = {D89EF006-BDA9-4C4F-8DCB-300EC1D34D3E}
		{625F3230-423E-46C1-A6DB-7B52C98E0887} = {D89EF006-BDA9-4C4F-8DCB-300EC1D34D3E}
		{C6DF8B5B-7F49-4528-BD3B-1761B28CCC01} = {D89EF006-BDA9-4C4F-8DCB-300EC1D34D3E}
		{F79EC93D-7375-42EA-9451-D06EB9EAB249} = {D89EF006-BDA9-4C4F-8DCB-300EC1D34D3E}
		{B1F25F14-4475-4785-ABF2-EDEC747F7721} = {D89EF006-BDA9-4C4F-8DCB-300EC1D34D3E}
		{FAE27490-E982-4A00-98FC-CE9243B2C3D9} = {D89EF006-BDA9-4C4F-8DCB-300EC1D34D3E}
		{9164FB73-D4D4-4104-A14C-D0400A289B28} = {D89EF006-BDA9-4C4F-8DCB-300EC1D34D3E}
		{B692DC60-7C09-4F62-B31D-F413A5D310A6} = {D89EF006-BDA9-4C4F-8DCB-300EC1D34D3E}
		{4275F91E-8797-4C25-B002-980EA6FE5CC7} = {D89EF006-BDA9-4C4F-8DCB-300EC1D34D3E}
		{A1D25EBD-0701-4943-8BAD-1F83EB005B32} = {0C583182-110D-4829-87AB-A968282713C2}
		{7EE47A38-8A4A-45B7-AEB6-0BEDFCAA6FB1} = {787A4EF4-6481-47C5-B324-37AB9BF3061B}
		{2DAD163C-F17E-4EC2-B0DD-3B2AC2323F7E} = {AE416471-5C8B-4BDD-BE31-16C9B9242AFD}
		{4A258496-84A3-4717-A4DB-20F3286A6FEC} = {66DBD1FC-68C9-4ACF-A83D-ADA971CFBACE}
		{9FF5F451-6641-40BA-BF12-294E63BBD899} = {66DBD1FC-68C9-4ACF-A83D-ADA971CFBACE}
		{0D78BC20-6D03-4655-8349-98E832E0B920} = {66DBD1FC-68C9-4ACF-A83D-ADA971CFBACE}
		{D24D3366-821C-4BB7-BF5B-922396FADA41} = {66DBD1FC-68C9-4ACF-A83D-ADA971CFBACE}
		{B4D40393-B57A-4A58-B1B0-19AF77D3E54A} = {66DBD1FC-68C9-4ACF-A83D-ADA971CFBACE}
		{5C438436-E2CC-4C90-8384-EE7879F2AD1A} = {30585C11-2E56-434D-9068-158843D43563}
		{2B4FB562-6350-4490-954D-2C376C6F3144} = {30585C11-2E56-434D-9068-158843D43563}
		{5AECDA3C-E1CB-42CD-AF26-055E25EEF435} = {30585C11-2E56-434D-9068-158843D43563}
		{9AF340D8-A82A-4645-86D3-066668C7E615} = {30585C11-2E56-434D-9068-158843D43563}
		{9B972D43-C477-47FE-A371-C66E0C8A9D28} = {30585C11-2E56-434D-9068-158843D43563}
		{14F02220-4B44-4913-89B2-EF3D2BC58B30} = {30585C11-2E56-434D-9068-158843D43563}
		{EDE5AE0C-EB09-4F00-87BB-02F39664FA3C} = {562B53A8-6E82-4072-B75E-56D5474545E8}
		{4D642D1E-7978-45A1-B020-242315A84555} = {562B53A8-6E82-4072-B75E-56D5474545E8}
		{85B92B8B-92F5-407E-87C4-E526234FA9B0} = {562B53A8-6E82-4072-B75E-56D5474545E8}
		{EA96482C-AA22-4C93-8525-2F9F2CA71C3A} = {562B53A8-6E82-4072-B75E-56D5474545E8}
		{563FC06C-6845-4C08-9F1A-5A2248580BAE} = {562B53A8-6E82-4072-B75E-56D5474545E8}
		{8DA28A79-432F-47DE-9BD0-26685C666BDB} = {562B53A8-6E82-4072-B75E-56D5474545E8}
		{98FBEED3-F966-43B2-BE35-259747B55ED5} = {562B53A8-6E82-4072-B75E-56D5474545E8}
		{6252FAF1-5652-47B7-9193-BF7FA1241D54} = {562B53A8-6E82-4072-B75E-56D5474545E8}
		{299D6175-442B-4F84-BBCF-9E5D256A0569} = {562B53A8-6E82-4072-B75E-56D5474545E8}
		{EE96DB09-D02E-4090-9ABD-651ED0EAF23F} = {562B53A8-6E82-4072-B75E-56D5474545E8}
		{8091C41E-CB98-4F1D-947D-12FC3D962FF5} = {562B53A8-6E82-4072-B75E-56D5474545E8}
		{41E3AD0C-E87E-4CFB-BE30-37A366D8E900} = {562B53A8-6E82-4072-B75E-56D5474545E8}
		{6F571F1A-F11D-449A-8EC4-867747D63D86} = {562B53A8-6E82-4072-B75E-56D5474545E8}
		{D68262CF-3DEC-4990-9250-F892657F8913} = {562B53A8-6E82-4072-B75E-56D5474545E8}
		{92062F1F-A856-44E6-9D87-D1787052C4FA} = {562B53A8-6E82-4072-B75E-56D5474545E8}
		{E5C32DD9-15EC-47C2-9387-D68567E890C9} = {562B53A8-6E82-4072-B75E-56D5474545E8}
		{9A7B1E7C-6D4C-409E-95D9-B0CF693114A4} = {562B53A8-6E82-4072-B75E-56D5474545E8}
		{8BFF567A-3947-4B85-A1F6-069B9B570D19} = {562B53A8-6E82-4072-B75E-56D5474545E8}
		{980CAFBF-20B8-4BCD-BFB0-8EADB68B3BF7} = {562B53A8-6E82-4072-B75E-56D5474545E8}
		{1A7B23AF-1022-4D66-ABDF-1486F0D72C99} = {562B53A8-6E82-4072-B75E-56D5474545E8}
		{7958A750-C190-41AA-9A91-BAE4065CE47B} = {562B53A8-6E82-4072-B75E-56D5474545E8}
		{ED1828E2-092C-43D8-A2D8-83CF053DDB46} = {562B53A8-6E82-4072-B75E-56D5474545E8}
		{0CBA7CA4-333C-4298-A8DA-550765493436} = {562B53A8-6E82-4072-B75E-56D5474545E8}
		{53FD27E7-B7BC-42E5-9A26-9FF7080C6D07} = {562B53A8-6E82-4072-B75E-56D5474545E8}
		{AFB38C8D-D4A4-413B-84BD-873A60F70419} = {562B53A8-6E82-4072-B75E-56D5474545E8}
		{A5BA58ED-5121-4851-88F5-A8F0CDC8D3B7} = {562B53A8-6E82-4072-B75E-56D5474545E8}
	EndGlobalSection
	GlobalSection(ExtensibilityGlobals) = postSolution
		SolutionGuid = {EEE4187B-71FC-48E8-B608-0C8138CA579F}
	EndGlobalSection
EndGlobal
